
Microsoft Visual Studio Solution File, Format Version 12.00
# Visual Studio 14
VisualStudioVersion = 14.0.25123.0
MinimumVisualStudioVersion = 10.0.40219.1
Project("{FAE04EC0-301F-11D3-BF4B-00C04F79EFBC}") = "MeterKnife.Common", "MeterKnife.Common\MeterKnife.Common.csproj", "{572ECF0C-1B6D-4A7C-81F0-EE1326EF47D9}"
EndProject
Project("{2150E333-8FDC-42A3-9474-1A3956D46DE8}") = "NKnife", "NKnife", "{2F108EA0-F2A3-461B-A9F4-7B8CAE6F1E38}"
EndProject
Project("{FAE04EC0-301F-11D3-BF4B-00C04F79EFBC}") = "NKnife", "..\nknife\NKnife\NKnife.csproj", "{266FCF12-D8F4-402C-BD7E-FC1DF5F6A0BF}"
EndProject
Project("{FAE04EC0-301F-11D3-BF4B-00C04F79EFBC}") = "MeterKnife.Kernel", "MeterKnife.Kernel\MeterKnife.Kernel.csproj", "{8C1D8987-383A-4E9C-B59C-3C3313FDEC3B}"
EndProject
Project("{FAE04EC0-301F-11D3-BF4B-00C04F79EFBC}") = "NKnife.Serial", "..\nknife\NKnife.Serial\NKnife.Serial.csproj", "{3B1BA8E0-29DD-4CFC-8593-889B9D547AB7}"
EndProject
Project("{2150E333-8FDC-42A3-9474-1A3956D46DE8}") = ".nuget", ".nuget", "{895F8B03-6F7D-406D-A730-5C29BB23049F}"
	ProjectSection(SolutionItems) = preProject
		.nuget\NuGet.Config = .nuget\NuGet.Config
		.nuget\NuGet.exe = .nuget\NuGet.exe
		.nuget\NuGet.targets = .nuget\NuGet.targets
	EndProjectSection
EndProject
Project("{FAE04EC0-301F-11D3-BF4B-00C04F79EFBC}") = "MeterKnife.Datas", "MeterKnife.Datas\MeterKnife.Datas.csproj", "{A1063F16-2485-4DA5-B0BF-F34F8BEBFFC2}"
EndProject
Project("{FAE04EC0-301F-11D3-BF4B-00C04F79EFBC}") = "NKnife.Scpi", "..\nknife\NKnife.Scpi\NKnife.Scpi.csproj", "{436E22B8-84A4-49E6-9810-E72FAD37313F}"
EndProject
Project("{FAE04EC0-301F-11D3-BF4B-00C04F79EFBC}") = "NKnife.Socket", "..\nknife\NKnife.Socket\NKnife.Socket.csproj", "{F3299AC1-2D25-4B91-A4D9-F9C1AB6F0825}"
EndProject
Project("{FAE04EC0-301F-11D3-BF4B-00C04F79EFBC}") = "MeterKnife.UnitTests", "MeterKnife.UnitTests\MeterKnife.UnitTests.csproj", "{E7531172-7F03-4DEE-ABB9-CF85E9DF501C}"
EndProject
Project("{2150E333-8FDC-42A3-9474-1A3956D46DE8}") = ".Test", ".Test", "{398F045F-835A-4056-9999-4FB3464ACF15}"
EndProject
Project("{FAE04EC0-301F-11D3-BF4B-00C04F79EFBC}") = "NKnife.UnitTest", "..\nknife\UnitTests\NKnife.UnitTest\NKnife.UnitTest.csproj", "{37E93CF1-6BDD-4ADF-94C7-0BF46AF71253}"
EndProject
Project("{FAE04EC0-301F-11D3-BF4B-00C04F79EFBC}") = "NKnife.NLog4", "..\nknife\NKnife.NLog4\NKnife.NLog4.csproj", "{24AF3E97-0817-4CBB-A471-15A9FA4004C3}"
EndProject
Project("{FAE04EC0-301F-11D3-BF4B-00C04F79EFBC}") = "MeterKnife.VISAs", "MeterKnife.VISAs\MeterKnife.VISAs.csproj", "{F983FB9D-37A3-4B2C-B4D7-6E1311DED746}"
EndProject
Project("{2150E333-8FDC-42A3-9474-1A3956D46DE8}") = "Tools", "Tools", "{CE9FE89C-7585-4F4E-852C-163CD9BC0FEA}"
EndProject
Project("{FAE04EC0-301F-11D3-BF4B-00C04F79EFBC}") = "MeterKnife.Tools.InverseProportionOperationAmplifier", "Tools\MeterKnife.Tools.InverseProportionOperationAmplifier\MeterKnife.Tools.InverseProportionOperationAmplifier.csproj", "{4FE6F281-88E9-4AA8-9131-9A94F0006FE9}"
EndProject
Project("{FAE04EC0-301F-11D3-BF4B-00C04F79EFBC}") = "Setup", "Setup\Setup.csproj", "{44555887-C439-470C-944D-8866EC3D7067}"
EndProject
Project("{FAE04EC0-301F-11D3-BF4B-00C04F79EFBC}") = "NKnife.Scpi.UnitTest", "..\nknife\UnitTests\NKnife.Scpi.UnitTest\NKnife.Scpi.UnitTest.csproj", "{FF564C76-B6CD-49F9-841C-CCD43748CE02}"
EndProject
Project("{FAE04EC0-301F-11D3-BF4B-00C04F79EFBC}") = "NKnife.Tunnel.UnitTest", "..\nknife\UnitTests\NKnife.Tunnel.UnitTest\NKnife.Tunnel.UnitTest.csproj", "{1B229168-2C13-46E6-87D1-42DFA82E36EE}"
EndProject
Global
	GlobalSection(SolutionConfigurationPlatforms) = preSolution
		Debug|Any CPU = Debug|Any CPU
		Release|Any CPU = Release|Any CPU
	EndGlobalSection
	GlobalSection(ProjectConfigurationPlatforms) = postSolution
		{572ECF0C-1B6D-4A7C-81F0-EE1326EF47D9}.Debug|Any CPU.ActiveCfg = Debug|Any CPU
		{572ECF0C-1B6D-4A7C-81F0-EE1326EF47D9}.Debug|Any CPU.Build.0 = Debug|Any CPU
		{572ECF0C-1B6D-4A7C-81F0-EE1326EF47D9}.Release|Any CPU.ActiveCfg = Release|Any CPU
		{572ECF0C-1B6D-4A7C-81F0-EE1326EF47D9}.Release|Any CPU.Build.0 = Release|Any CPU
		{266FCF12-D8F4-402C-BD7E-FC1DF5F6A0BF}.Debug|Any CPU.ActiveCfg = Debug|Any CPU
		{266FCF12-D8F4-402C-BD7E-FC1DF5F6A0BF}.Debug|Any CPU.Build.0 = Debug|Any CPU
		{266FCF12-D8F4-402C-BD7E-FC1DF5F6A0BF}.Release|Any CPU.ActiveCfg = Release|Any CPU
		{266FCF12-D8F4-402C-BD7E-FC1DF5F6A0BF}.Release|Any CPU.Build.0 = Release|Any CPU
		{8C1D8987-383A-4E9C-B59C-3C3313FDEC3B}.Debug|Any CPU.ActiveCfg = Debug|Any CPU
		{8C1D8987-383A-4E9C-B59C-3C3313FDEC3B}.Debug|Any CPU.Build.0 = Debug|Any CPU
		{8C1D8987-383A-4E9C-B59C-3C3313FDEC3B}.Release|Any CPU.ActiveCfg = Release|Any CPU
		{8C1D8987-383A-4E9C-B59C-3C3313FDEC3B}.Release|Any CPU.Build.0 = Release|Any CPU
		{3B1BA8E0-29DD-4CFC-8593-889B9D547AB7}.Debug|Any CPU.ActiveCfg = Debug|Any CPU
		{3B1BA8E0-29DD-4CFC-8593-889B9D547AB7}.Debug|Any CPU.Build.0 = Debug|Any CPU
		{3B1BA8E0-29DD-4CFC-8593-889B9D547AB7}.Release|Any CPU.ActiveCfg = Release|Any CPU
		{3B1BA8E0-29DD-4CFC-8593-889B9D547AB7}.Release|Any CPU.Build.0 = Release|Any CPU
		{A1063F16-2485-4DA5-B0BF-F34F8BEBFFC2}.Debug|Any CPU.ActiveCfg = Debug|Any CPU
		{A1063F16-2485-4DA5-B0BF-F34F8BEBFFC2}.Debug|Any CPU.Build.0 = Debug|Any CPU
		{A1063F16-2485-4DA5-B0BF-F34F8BEBFFC2}.Release|Any CPU.ActiveCfg = Release|Any CPU
		{A1063F16-2485-4DA5-B0BF-F34F8BEBFFC2}.Release|Any CPU.Build.0 = Release|Any CPU
		{436E22B8-84A4-49E6-9810-E72FAD37313F}.Debug|Any CPU.ActiveCfg = Debug|Any CPU
		{436E22B8-84A4-49E6-9810-E72FAD37313F}.Debug|Any CPU.Build.0 = Debug|Any CPU
		{436E22B8-84A4-49E6-9810-E72FAD37313F}.Release|Any CPU.ActiveCfg = Release|Any CPU
		{436E22B8-84A4-49E6-9810-E72FAD37313F}.Release|Any CPU.Build.0 = Release|Any CPU
		{F3299AC1-2D25-4B91-A4D9-F9C1AB6F0825}.Debug|Any CPU.ActiveCfg = Debug|Any CPU
		{F3299AC1-2D25-4B91-A4D9-F9C1AB6F0825}.Debug|Any CPU.Build.0 = Debug|Any CPU
		{F3299AC1-2D25-4B91-A4D9-F9C1AB6F0825}.Release|Any CPU.ActiveCfg = Release|Any CPU
		{F3299AC1-2D25-4B91-A4D9-F9C1AB6F0825}.Release|Any CPU.Build.0 = Release|Any CPU
		{E7531172-7F03-4DEE-ABB9-CF85E9DF501C}.Debug|Any CPU.ActiveCfg = Debug|Any CPU
		{E7531172-7F03-4DEE-ABB9-CF85E9DF501C}.Debug|Any CPU.Build.0 = Debug|Any CPU
		{E7531172-7F03-4DEE-ABB9-CF85E9DF501C}.Release|Any CPU.ActiveCfg = Release|Any CPU
		{E7531172-7F03-4DEE-ABB9-CF85E9DF501C}.Release|Any CPU.Build.0 = Release|Any CPU
		{37E93CF1-6BDD-4ADF-94C7-0BF46AF71253}.Debug|Any CPU.ActiveCfg = Debug|Any CPU
		{37E93CF1-6BDD-4ADF-94C7-0BF46AF71253}.Debug|Any CPU.Build.0 = Debug|Any CPU
		{37E93CF1-6BDD-4ADF-94C7-0BF46AF71253}.Release|Any CPU.ActiveCfg = Release|Any CPU
		{37E93CF1-6BDD-4ADF-94C7-0BF46AF71253}.Release|Any CPU.Build.0 = Release|Any CPU
		{24AF3E97-0817-4CBB-A471-15A9FA4004C3}.Debug|Any CPU.ActiveCfg = Debug|Any CPU
		{24AF3E97-0817-4CBB-A471-15A9FA4004C3}.Debug|Any CPU.Build.0 = Debug|Any CPU
		{24AF3E97-0817-4CBB-A471-15A9FA4004C3}.Release|Any CPU.ActiveCfg = Release|Any CPU
		{24AF3E97-0817-4CBB-A471-15A9FA4004C3}.Release|Any CPU.Build.0 = Release|Any CPU
		{F983FB9D-37A3-4B2C-B4D7-6E1311DED746}.Debug|Any CPU.ActiveCfg = Debug|Any CPU
		{F983FB9D-37A3-4B2C-B4D7-6E1311DED746}.Debug|Any CPU.Build.0 = Debug|Any CPU
		{F983FB9D-37A3-4B2C-B4D7-6E1311DED746}.Release|Any CPU.ActiveCfg = Release|Any CPU
		{F983FB9D-37A3-4B2C-B4D7-6E1311DED746}.Release|Any CPU.Build.0 = Release|Any CPU
		{4FE6F281-88E9-4AA8-9131-9A94F0006FE9}.Debug|Any CPU.ActiveCfg = Debug|Any CPU
		{4FE6F281-88E9-4AA8-9131-9A94F0006FE9}.Debug|Any CPU.Build.0 = Debug|Any CPU
		{4FE6F281-88E9-4AA8-9131-9A94F0006FE9}.Release|Any CPU.ActiveCfg = Release|Any CPU
		{4FE6F281-88E9-4AA8-9131-9A94F0006FE9}.Release|Any CPU.Build.0 = Release|Any CPU
		{44555887-C439-470C-944D-8866EC3D7067}.Debug|Any CPU.ActiveCfg = Debug|Any CPU
		{44555887-C439-470C-944D-8866EC3D7067}.Debug|Any CPU.Build.0 = Debug|Any CPU
		{44555887-C439-470C-944D-8866EC3D7067}.Release|Any CPU.ActiveCfg = Release|Any CPU
		{44555887-C439-470C-944D-8866EC3D7067}.Release|Any CPU.Build.0 = Release|Any CPU
		{FF564C76-B6CD-49F9-841C-CCD43748CE02}.Debug|Any CPU.ActiveCfg = Debug|Any CPU
		{FF564C76-B6CD-49F9-841C-CCD43748CE02}.Debug|Any CPU.Build.0 = Debug|Any CPU
		{FF564C76-B6CD-49F9-841C-CCD43748CE02}.Release|Any CPU.ActiveCfg = Release|Any CPU
		{FF564C76-B6CD-49F9-841C-CCD43748CE02}.Release|Any CPU.Build.0 = Release|Any CPU
		{1B229168-2C13-46E6-87D1-42DFA82E36EE}.Debug|Any CPU.ActiveCfg = Debug|Any CPU
		{1B229168-2C13-46E6-87D1-42DFA82E36EE}.Debug|Any CPU.Build.0 = Debug|Any CPU
		{1B229168-2C13-46E6-87D1-42DFA82E36EE}.Release|Any CPU.ActiveCfg = Release|Any CPU
		{1B229168-2C13-46E6-87D1-42DFA82E36EE}.Release|Any CPU.Build.0 = Release|Any CPU
	EndGlobalSection
	GlobalSection(SolutionProperties) = preSolution
		HideSolutionNode = FALSE
	EndGlobalSection
	GlobalSection(NestedProjects) = preSolution
		{266FCF12-D8F4-402C-BD7E-FC1DF5F6A0BF} = {2F108EA0-F2A3-461B-A9F4-7B8CAE6F1E38}
		{3B1BA8E0-29DD-4CFC-8593-889B9D547AB7} = {2F108EA0-F2A3-461B-A9F4-7B8CAE6F1E38}
		{436E22B8-84A4-49E6-9810-E72FAD37313F} = {2F108EA0-F2A3-461B-A9F4-7B8CAE6F1E38}
		{F3299AC1-2D25-4B91-A4D9-F9C1AB6F0825} = {2F108EA0-F2A3-461B-A9F4-7B8CAE6F1E38}
		{E7531172-7F03-4DEE-ABB9-CF85E9DF501C} = {398F045F-835A-4056-9999-4FB3464ACF15}
		{37E93CF1-6BDD-4ADF-94C7-0BF46AF71253} = {398F045F-835A-4056-9999-4FB3464ACF15}
		{24AF3E97-0817-4CBB-A471-15A9FA4004C3} = {2F108EA0-F2A3-461B-A9F4-7B8CAE6F1E38}
		{4FE6F281-88E9-4AA8-9131-9A94F0006FE9} = {CE9FE89C-7585-4F4E-852C-163CD9BC0FEA}
		{FF564C76-B6CD-49F9-841C-CCD43748CE02} = {398F045F-835A-4056-9999-4FB3464ACF15}
		{1B229168-2C13-46E6-87D1-42DFA82E36EE} = {398F045F-835A-4056-9999-4FB3464ACF15}
	EndGlobalSection
EndGlobal
