
Microsoft Visual Studio Solution File, Format Version 12.00
# Visual Studio Version 16
VisualStudioVersion = 16.0.29519.181
MinimumVisualStudioVersion = 10.0.40219.1
Project("{2150E333-8FDC-42A3-9474-1A3956D46DE8}") = "Document", "Document", "{2D6896B1-3864-454A-A39F-123292729A90}"
	ProjectSection(SolutionItems) = preProject
		LICENSE = LICENSE
		README.md = README.md
	EndProjectSection
EndProject
Project("{9A19103F-16F7-4668-BE54-9A1E7A4F7556}") = "MeterKnife.Util", "MeterKnife.Util\MeterKnife.Util.csproj", "{C089E4A3-9545-441A-8E43-9FA1C2586C08}"
EndProject
Project("{FAE04EC0-301F-11D3-BF4B-00C04F79EFBC}") = "MeterKnife.Common", "MeterKnife.Common\MeterKnife.Common.csproj", "{179BF1B0-6FB7-4A63-8023-2BDFE44AD7EB}"
EndProject
Project("{FAE04EC0-301F-11D3-BF4B-00C04F79EFBC}") = "MeterKnife.CLI", "MeterKnife.CLI\MeterKnife.CLI.csproj", "{41DD80C9-456C-45B7-B443-F16C3D9AF41C}"
EndProject
Global
	GlobalSection(SolutionConfigurationPlatforms) = preSolution
		Debug|Any CPU = Debug|Any CPU
		Release|Any CPU = Release|Any CPU
	EndGlobalSection
	GlobalSection(ProjectConfigurationPlatforms) = postSolution
		{C089E4A3-9545-441A-8E43-9FA1C2586C08}.Debug|Any CPU.ActiveCfg = Debug|Any CPU
		{C089E4A3-9545-441A-8E43-9FA1C2586C08}.Debug|Any CPU.Build.0 = Debug|Any CPU
		{C089E4A3-9545-441A-8E43-9FA1C2586C08}.Release|Any CPU.ActiveCfg = Release|Any CPU
		{C089E4A3-9545-441A-8E43-9FA1C2586C08}.Release|Any CPU.Build.0 = Release|Any CPU
		{179BF1B0-6FB7-4A63-8023-2BDFE44AD7EB}.Debug|Any CPU.ActiveCfg = Debug|Any CPU
		{179BF1B0-6FB7-4A63-8023-2BDFE44AD7EB}.Debug|Any CPU.Build.0 = Debug|Any CPU
		{179BF1B0-6FB7-4A63-8023-2BDFE44AD7EB}.Release|Any CPU.ActiveCfg = Release|Any CPU
		{179BF1B0-6FB7-4A63-8023-2BDFE44AD7EB}.Release|Any CPU.Build.0 = Release|Any CPU
		{41DD80C9-456C-45B7-B443-F16C3D9AF41C}.Debug|Any CPU.ActiveCfg = Debug|Any CPU
		{41DD80C9-456C-45B7-B443-F16C3D9AF41C}.Debug|Any CPU.Build.0 = Debug|Any CPU
		{41DD80C9-456C-45B7-B443-F16C3D9AF41C}.Release|Any CPU.ActiveCfg = Release|Any CPU
		{41DD80C9-456C-45B7-B443-F16C3D9AF41C}.Release|Any CPU.Build.0 = Release|Any CPU
	EndGlobalSection
	GlobalSection(SolutionProperties) = preSolution
		HideSolutionNode = FALSE
	EndGlobalSection
	GlobalSection(ExtensibilityGlobals) = postSolution
		SolutionGuid = {2D98A22A-519B-463C-97E1-57C979C9754C}
	EndGlobalSection
EndGlobal
