
Microsoft Visual Studio Solution File, Format Version 12.00
# Visual Studio Version 16
VisualStudioVersion = 16.0.29519.181
MinimumVisualStudioVersion = 10.0.40219.1
Project("{FAE04EC0-301F-11D3-BF4B-00C04F79EFBC}") = "MeterKnife.Workbench", "MeterKnife.Workbench\MeterKnife.Workbench.csproj", "{9EDECD14-77FE-419C-9323-C00BDB6A07AC}"
EndProject
Project("{FAE04EC0-301F-11D3-BF4B-00C04F79EFBC}") = "MeterKnife.Common", "MeterKnife.Common\MeterKnife.Common.csproj", "{572ECF0C-1B6D-4A7C-81F0-EE1326EF47D9}"
EndProject
Project("{FAE04EC0-301F-11D3-BF4B-00C04F79EFBC}") = "MeterKnife.Instruments", "MeterKnife.Instruments\MeterKnife.Instruments.csproj", "{E70DC5A1-2900-4A24-937A-28C86100E077}"
EndProject
Project("{FAE04EC0-301F-11D3-BF4B-00C04F79EFBC}") = "MeterKnife.Kernel", "MeterKnife.Kernel\MeterKnife.Kernel.csproj", "{8C1D8987-383A-4E9C-B59C-3C3313FDEC3B}"
EndProject
Project("{FAE04EC0-301F-11D3-BF4B-00C04F79EFBC}") = "MeterKnife.App.Lite", "MeterKnife.App.Lite\MeterKnife.App.Lite.csproj", "{9F9EC449-1BF5-4BA1-994D-FFEFC09B1528}"
EndProject
Project("{FAE04EC0-301F-11D3-BF4B-00C04F79EFBC}") = "MeterKnife.Common.Winforms", "MeterKnife.Common.Winforms\MeterKnife.Common.Winforms.csproj", "{9F425D32-AEDC-489D-A7EE-140CCABD412B}"
EndProject
Project("{2150E333-8FDC-42A3-9474-1A3956D46DE8}") = "Document", "Document", "{2D6896B1-3864-454A-A39F-123292729A90}"
	ProjectSection(SolutionItems) = preProject
		LICENSE = LICENSE
		README.md = README.md
	EndProjectSection
EndProject
Project("{FAE04EC0-301F-11D3-BF4B-00C04F79EFBC}") = "MeterKnife.Scpis", "MeterKnife.Scpis\MeterKnife.Scpis.csproj", "{BC6EF4B5-6803-4216-896B-58ABB72F4ACE}"
EndProject
Project("{FAE04EC0-301F-11D3-BF4B-00C04F79EFBC}") = "MeterKnife.Util", "MeterKnife.Util\MeterKnife.Util.csproj", "{854E2CD7-CB1D-47A7-824C-34C9E2EF9FD4}"
EndProject
Global
	GlobalSection(SolutionConfigurationPlatforms) = preSolution
		Debug|Any CPU = Debug|Any CPU
		Debug|x64 = Debug|x64
		Debug|x86 = Debug|x86
		Release|Any CPU = Release|Any CPU
		Release|x64 = Release|x64
		Release|x86 = Release|x86
	EndGlobalSection
	GlobalSection(ProjectConfigurationPlatforms) = postSolution
		{9EDECD14-77FE-419C-9323-C00BDB6A07AC}.Debug|Any CPU.ActiveCfg = Debug|Any CPU
		{9EDECD14-77FE-419C-9323-C00BDB6A07AC}.Debug|Any CPU.Build.0 = Debug|Any CPU
		{9EDECD14-77FE-419C-9323-C00BDB6A07AC}.Debug|x64.ActiveCfg = Debug|Any CPU
		{9EDECD14-77FE-419C-9323-C00BDB6A07AC}.Debug|x64.Build.0 = Debug|Any CPU
		{9EDECD14-77FE-419C-9323-C00BDB6A07AC}.Debug|x86.ActiveCfg = Debug|Any CPU
		{9EDECD14-77FE-419C-9323-C00BDB6A07AC}.Debug|x86.Build.0 = Debug|Any CPU
		{9EDECD14-77FE-419C-9323-C00BDB6A07AC}.Release|Any CPU.ActiveCfg = Release|Any CPU
		{9EDECD14-77FE-419C-9323-C00BDB6A07AC}.Release|Any CPU.Build.0 = Release|Any CPU
		{9EDECD14-77FE-419C-9323-C00BDB6A07AC}.Release|x64.ActiveCfg = Release|Any CPU
		{9EDECD14-77FE-419C-9323-C00BDB6A07AC}.Release|x64.Build.0 = Release|Any CPU
		{9EDECD14-77FE-419C-9323-C00BDB6A07AC}.Release|x86.ActiveCfg = Release|Any CPU
		{9EDECD14-77FE-419C-9323-C00BDB6A07AC}.Release|x86.Build.0 = Release|Any CPU
		{572ECF0C-1B6D-4A7C-81F0-EE1326EF47D9}.Debug|Any CPU.ActiveCfg = Debug|Any CPU
		{572ECF0C-1B6D-4A7C-81F0-EE1326EF47D9}.Debug|Any CPU.Build.0 = Debug|Any CPU
		{572ECF0C-1B6D-4A7C-81F0-EE1326EF47D9}.Debug|x64.ActiveCfg = Debug|Any CPU
		{572ECF0C-1B6D-4A7C-81F0-EE1326EF47D9}.Debug|x64.Build.0 = Debug|Any CPU
		{572ECF0C-1B6D-4A7C-81F0-EE1326EF47D9}.Debug|x86.ActiveCfg = Debug|Any CPU
		{572ECF0C-1B6D-4A7C-81F0-EE1326EF47D9}.Debug|x86.Build.0 = Debug|Any CPU
		{572ECF0C-1B6D-4A7C-81F0-EE1326EF47D9}.Release|Any CPU.ActiveCfg = Release|Any CPU
		{572ECF0C-1B6D-4A7C-81F0-EE1326EF47D9}.Release|Any CPU.Build.0 = Release|Any CPU
		{572ECF0C-1B6D-4A7C-81F0-EE1326EF47D9}.Release|x64.ActiveCfg = Release|Any CPU
		{572ECF0C-1B6D-4A7C-81F0-EE1326EF47D9}.Release|x64.Build.0 = Release|Any CPU
		{572ECF0C-1B6D-4A7C-81F0-EE1326EF47D9}.Release|x86.ActiveCfg = Release|Any CPU
		{572ECF0C-1B6D-4A7C-81F0-EE1326EF47D9}.Release|x86.Build.0 = Release|Any CPU
		{E70DC5A1-2900-4A24-937A-28C86100E077}.Debug|Any CPU.ActiveCfg = Debug|Any CPU
		{E70DC5A1-2900-4A24-937A-28C86100E077}.Debug|Any CPU.Build.0 = Debug|Any CPU
		{E70DC5A1-2900-4A24-937A-28C86100E077}.Debug|x64.ActiveCfg = Debug|Any CPU
		{E70DC5A1-2900-4A24-937A-28C86100E077}.Debug|x64.Build.0 = Debug|Any CPU
		{E70DC5A1-2900-4A24-937A-28C86100E077}.Debug|x86.ActiveCfg = Debug|Any CPU
		{E70DC5A1-2900-4A24-937A-28C86100E077}.Debug|x86.Build.0 = Debug|Any CPU
		{E70DC5A1-2900-4A24-937A-28C86100E077}.Release|Any CPU.ActiveCfg = Release|Any CPU
		{E70DC5A1-2900-4A24-937A-28C86100E077}.Release|Any CPU.Build.0 = Release|Any CPU
		{E70DC5A1-2900-4A24-937A-28C86100E077}.Release|x64.ActiveCfg = Release|Any CPU
		{E70DC5A1-2900-4A24-937A-28C86100E077}.Release|x64.Build.0 = Release|Any CPU
		{E70DC5A1-2900-4A24-937A-28C86100E077}.Release|x86.ActiveCfg = Release|Any CPU
		{E70DC5A1-2900-4A24-937A-28C86100E077}.Release|x86.Build.0 = Release|Any CPU
		{8C1D8987-383A-4E9C-B59C-3C3313FDEC3B}.Debug|Any CPU.ActiveCfg = Debug|Any CPU
		{8C1D8987-383A-4E9C-B59C-3C3313FDEC3B}.Debug|Any CPU.Build.0 = Debug|Any CPU
		{8C1D8987-383A-4E9C-B59C-3C3313FDEC3B}.Debug|x64.ActiveCfg = Debug|Any CPU
		{8C1D8987-383A-4E9C-B59C-3C3313FDEC3B}.Debug|x64.Build.0 = Debug|Any CPU
		{8C1D8987-383A-4E9C-B59C-3C3313FDEC3B}.Debug|x86.ActiveCfg = Debug|Any CPU
		{8C1D8987-383A-4E9C-B59C-3C3313FDEC3B}.Debug|x86.Build.0 = Debug|Any CPU
		{8C1D8987-383A-4E9C-B59C-3C3313FDEC3B}.Release|Any CPU.ActiveCfg = Release|Any CPU
		{8C1D8987-383A-4E9C-B59C-3C3313FDEC3B}.Release|Any CPU.Build.0 = Release|Any CPU
		{8C1D8987-383A-4E9C-B59C-3C3313FDEC3B}.Release|x64.ActiveCfg = Release|Any CPU
		{8C1D8987-383A-4E9C-B59C-3C3313FDEC3B}.Release|x64.Build.0 = Release|Any CPU
		{8C1D8987-383A-4E9C-B59C-3C3313FDEC3B}.Release|x86.ActiveCfg = Release|Any CPU
		{8C1D8987-383A-4E9C-B59C-3C3313FDEC3B}.Release|x86.Build.0 = Release|Any CPU
		{9F9EC449-1BF5-4BA1-994D-FFEFC09B1528}.Debug|Any CPU.ActiveCfg = Debug|Any CPU
		{9F9EC449-1BF5-4BA1-994D-FFEFC09B1528}.Debug|Any CPU.Build.0 = Debug|Any CPU
		{9F9EC449-1BF5-4BA1-994D-FFEFC09B1528}.Debug|x64.ActiveCfg = Debug|Any CPU
		{9F9EC449-1BF5-4BA1-994D-FFEFC09B1528}.Debug|x64.Build.0 = Debug|Any CPU
		{9F9EC449-1BF5-4BA1-994D-FFEFC09B1528}.Debug|x86.ActiveCfg = Debug|Any CPU
		{9F9EC449-1BF5-4BA1-994D-FFEFC09B1528}.Debug|x86.Build.0 = Debug|Any CPU
		{9F9EC449-1BF5-4BA1-994D-FFEFC09B1528}.Release|Any CPU.ActiveCfg = Release|Any CPU
		{9F9EC449-1BF5-4BA1-994D-FFEFC09B1528}.Release|Any CPU.Build.0 = Release|Any CPU
		{9F9EC449-1BF5-4BA1-994D-FFEFC09B1528}.Release|x64.ActiveCfg = Release|Any CPU
		{9F9EC449-1BF5-4BA1-994D-FFEFC09B1528}.Release|x64.Build.0 = Release|Any CPU
		{9F9EC449-1BF5-4BA1-994D-FFEFC09B1528}.Release|x86.ActiveCfg = Release|Any CPU
		{9F9EC449-1BF5-4BA1-994D-FFEFC09B1528}.Release|x86.Build.0 = Release|Any CPU
		{9F425D32-AEDC-489D-A7EE-140CCABD412B}.Debug|Any CPU.ActiveCfg = Debug|Any CPU
		{9F425D32-AEDC-489D-A7EE-140CCABD412B}.Debug|Any CPU.Build.0 = Debug|Any CPU
		{9F425D32-AEDC-489D-A7EE-140CCABD412B}.Debug|x64.ActiveCfg = Debug|Any CPU
		{9F425D32-AEDC-489D-A7EE-140CCABD412B}.Debug|x64.Build.0 = Debug|Any CPU
		{9F425D32-AEDC-489D-A7EE-140CCABD412B}.Debug|x86.ActiveCfg = Debug|Any CPU
		{9F425D32-AEDC-489D-A7EE-140CCABD412B}.Debug|x86.Build.0 = Debug|Any CPU
		{9F425D32-AEDC-489D-A7EE-140CCABD412B}.Release|Any CPU.ActiveCfg = Release|Any CPU
		{9F425D32-AEDC-489D-A7EE-140CCABD412B}.Release|Any CPU.Build.0 = Release|Any CPU
		{9F425D32-AEDC-489D-A7EE-140CCABD412B}.Release|x64.ActiveCfg = Release|Any CPU
		{9F425D32-AEDC-489D-A7EE-140CCABD412B}.Release|x64.Build.0 = Release|Any CPU
		{9F425D32-AEDC-489D-A7EE-140CCABD412B}.Release|x86.ActiveCfg = Release|Any CPU
		{9F425D32-AEDC-489D-A7EE-140CCABD412B}.Release|x86.Build.0 = Release|Any CPU
		{BC6EF4B5-6803-4216-896B-58ABB72F4ACE}.Debug|Any CPU.ActiveCfg = Debug|Any CPU
		{BC6EF4B5-6803-4216-896B-58ABB72F4ACE}.Debug|Any CPU.Build.0 = Debug|Any CPU
		{BC6EF4B5-6803-4216-896B-58ABB72F4ACE}.Debug|x64.ActiveCfg = Debug|Any CPU
		{BC6EF4B5-6803-4216-896B-58ABB72F4ACE}.Debug|x64.Build.0 = Debug|Any CPU
		{BC6EF4B5-6803-4216-896B-58ABB72F4ACE}.Debug|x86.ActiveCfg = Debug|Any CPU
		{BC6EF4B5-6803-4216-896B-58ABB72F4ACE}.Debug|x86.Build.0 = Debug|Any CPU
		{BC6EF4B5-6803-4216-896B-58ABB72F4ACE}.Release|Any CPU.ActiveCfg = Release|Any CPU
		{BC6EF4B5-6803-4216-896B-58ABB72F4ACE}.Release|Any CPU.Build.0 = Release|Any CPU
		{BC6EF4B5-6803-4216-896B-58ABB72F4ACE}.Release|x64.ActiveCfg = Release|Any CPU
		{BC6EF4B5-6803-4216-896B-58ABB72F4ACE}.Release|x64.Build.0 = Release|Any CPU
		{BC6EF4B5-6803-4216-896B-58ABB72F4ACE}.Release|x86.ActiveCfg = Release|Any CPU
		{BC6EF4B5-6803-4216-896B-58ABB72F4ACE}.Release|x86.Build.0 = Release|Any CPU
		{854E2CD7-CB1D-47A7-824C-34C9E2EF9FD4}.Debug|Any CPU.ActiveCfg = Debug|Any CPU
		{854E2CD7-CB1D-47A7-824C-34C9E2EF9FD4}.Debug|Any CPU.Build.0 = Debug|Any CPU
		{854E2CD7-CB1D-47A7-824C-34C9E2EF9FD4}.Debug|x64.ActiveCfg = Debug|Any CPU
		{854E2CD7-CB1D-47A7-824C-34C9E2EF9FD4}.Debug|x64.Build.0 = Debug|Any CPU
		{854E2CD7-CB1D-47A7-824C-34C9E2EF9FD4}.Debug|x86.ActiveCfg = Debug|Any CPU
		{854E2CD7-CB1D-47A7-824C-34C9E2EF9FD4}.Debug|x86.Build.0 = Debug|Any CPU
		{854E2CD7-CB1D-47A7-824C-34C9E2EF9FD4}.Release|Any CPU.ActiveCfg = Release|Any CPU
		{854E2CD7-CB1D-47A7-824C-34C9E2EF9FD4}.Release|Any CPU.Build.0 = Release|Any CPU
		{854E2CD7-CB1D-47A7-824C-34C9E2EF9FD4}.Release|x64.ActiveCfg = Release|Any CPU
		{854E2CD7-CB1D-47A7-824C-34C9E2EF9FD4}.Release|x64.Build.0 = Release|Any CPU
		{854E2CD7-CB1D-47A7-824C-34C9E2EF9FD4}.Release|x86.ActiveCfg = Release|Any CPU
		{854E2CD7-CB1D-47A7-824C-34C9E2EF9FD4}.Release|x86.Build.0 = Release|Any CPU
	EndGlobalSection
	GlobalSection(SolutionProperties) = preSolution
		HideSolutionNode = FALSE
	EndGlobalSection
	GlobalSection(ExtensibilityGlobals) = postSolution
		SolutionGuid = {2D98A22A-519B-463C-97E1-57C979C9754C}
	EndGlobalSection
EndGlobal
