
Microsoft Visual Studio Solution File, Format Version 12.00
# Visual Studio Version 17
VisualStudioVersion = 17.3.32901.215
MinimumVisualStudioVersion = 10.0.40219.1
Project("{2150E333-8FDC-42A3-9474-1A3956D46DE8}") = "Document", "Document", "{2D6896B1-3864-454A-A39F-123292729A90}"
	ProjectSection(SolutionItems) = preProject
		.editorconfig = .editorconfig
		.filenesting.json = .filenesting.json
		.gitignore = .gitignore
		Directory.Build.props = Directory.Build.props
		LICENSE = LICENSE
		NKnife.Circe.sln.DotSettings = NKnife.Circe.sln.DotSettings
		README.md = README.md
	EndProjectSection
EndProject
Project("{9A19103F-16F7-4668-BE54-9A1E7A4F7556}") = "NKnife.Circe.Common", "NKnife.Circe.Common\NKnife.Circe.Common.csproj", "{21EC3E38-00B2-4FA8-8780-ECC59C1A073D}"
EndProject
Project("{2150E333-8FDC-42A3-9474-1A3956D46DE8}") = "Modules", "Modules", "{0839C8C2-F3EA-4CF7-B310-799B378425D9}"
EndProject
Project("{2150E333-8FDC-42A3-9474-1A3956D46DE8}") = "Features", "Features", "{B63E9AE2-E324-4E5B-810A-88FB42FF9D78}"
EndProject
Project("{9A19103F-16F7-4668-BE54-9A1E7A4F7556}") = "NKnife.Circe.App", "NKnife.Circe.App\NKnife.Circe.App.csproj", "{079075DF-5013-4A5E-BEDA-D5488DB876E4}"
EndProject
Project("{2150E333-8FDC-42A3-9474-1A3956D46DE8}") = "UnitTests", "UnitTests", "{63044CBF-C32E-4803-B6B7-5122D49DBF89}"
EndProject
Project("{2150E333-8FDC-42A3-9474-1A3956D46DE8}") = "Tools", "Tools", "{1FAA8474-79A6-478A-995F-B551C0D9CFBE}"
EndProject
Project("{2150E333-8FDC-42A3-9474-1A3956D46DE8}") = "Addins", "Addins", "{95392B2E-4245-4B01-BCC4-A246435AB118}"
EndProject
Project("{2150E333-8FDC-42A3-9474-1A3956D46DE8}") = "Lib", "Lib", "{380C48BA-F6FC-4B61-93E8-0C187442C095}"
EndProject
Project("{2150E333-8FDC-42A3-9474-1A3956D46DE8}") = "Testbed", "Testbed", "{F466C7E2-81C8-4481-A5A7-6F32297253AD}"
EndProject
Project("{9A19103F-16F7-4668-BE54-9A1E7A4F7556}") = "NKnife.Module.AppWorkspaceService", "Modules\Services\NKnife.Module.AppWorkspaceService\NKnife.Module.AppWorkspaceService.csproj", "{47EA2163-1F4A-4144-B4F6-9E0AA22E0696}"
EndProject
Project("{2150E333-8FDC-42A3-9474-1A3956D46DE8}") = "Managers", "Managers", "{3180208E-0D55-45C8-91E1-ADB903A66B07}"
EndProject
Project("{2150E333-8FDC-42A3-9474-1A3956D46DE8}") = "Lib", "Lib", "{D9A2269E-6E1C-4266-9E12-31CFEF6B7B72}"
EndProject
Project("{2150E333-8FDC-42A3-9474-1A3956D46DE8}") = "Lib", "Lib", "{2B9DEE8E-55D6-451E-BDA1-4CE84F36B2C4}"
EndProject
Project("{9A19103F-16F7-4668-BE54-9A1E7A4F7556}") = "NKnife.Module.PreferenceService", "Modules\Services\NKnife.Module.PreferenceService\NKnife.Module.PreferenceService.csproj", "{4C757E00-AD61-4328-ACD6-5792C20B2B23}"
EndProject
Project("{9A19103F-16F7-4668-BE54-9A1E7A4F7556}") = "NKnife.Module.Mock", "Modules\NKnife.Module.Mock\NKnife.Module.Mock.csproj", "{B50D8FC4-4D89-422D-ABCC-73A168CF58ED}"
EndProject
Project("{2150E333-8FDC-42A3-9474-1A3956D46DE8}") = "Services", "Services", "{580A001F-41DE-4C6A-BB7B-ED1ED7786497}"
EndProject
Project("{9A19103F-16F7-4668-BE54-9A1E7A4F7556}") = "NKnife.Module.WelcomeService", "Modules\Services\NKnife.Module.WelcomeService\NKnife.Module.WelcomeService.csproj", "{7D3C68AD-E4D5-4C3B-B7AF-57BEE6284840}"
EndProject
Project("{9A19103F-16F7-4668-BE54-9A1E7A4F7556}") = "NKnife.Feature.Welcome", "Features\NKnife.Feature.Welcome\NKnife.Feature.Welcome.csproj", "{8BC4E327-1280-4025-BAB6-E9DB7EC28848}"
EndProject
Project("{9A19103F-16F7-4668-BE54-9A1E7A4F7556}") = "NKnife.Feature.LogService", "Features\NKnife.Feature.LogService\NKnife.Feature.LogService.csproj", "{58B11524-DD1F-4405-8659-CE7ED74D093E}"
EndProject
Project("{9A19103F-16F7-4668-BE54-9A1E7A4F7556}") = "NKnife.Module.LogService", "Modules\Services\NKnife.Module.LogService\NKnife.Module.LogService.csproj", "{5E13D5A6-5142-4EAC-BB88-FF254B345E7D}"
EndProject
Project("{2150E333-8FDC-42A3-9474-1A3956D46DE8}") = "Data", "Data", "{97FF4408-6A9C-429A-AFBB-AC2CA21FF913}"
EndProject
Project("{9A19103F-16F7-4668-BE54-9A1E7A4F7556}") = "NKnife.Feature.UutManager", "Features\NKnife.Feature.UutManager\NKnife.Feature.UutManager.csproj", "{1F4C7339-9C5A-41FA-BC15-2C67945948B0}"
EndProject
Project("{9A19103F-16F7-4668-BE54-9A1E7A4F7556}") = "NKnife.Feature.InstrumentManager", "Features\NKnife.Feature.InstrumentManager\NKnife.Feature.InstrumentManager.csproj", "{BF5591DF-D11D-49DA-8EBA-982F77B12CE5}"
EndProject
Project("{9A19103F-16F7-4668-BE54-9A1E7A4F7556}") = "NKnife.Feature.ExperimentManager", "Features\NKnife.Feature.ExperimentManager\NKnife.Feature.ExperimentManager.csproj", "{91DA622B-2BA3-40C6-88D1-BF38D591F508}"
EndProject
Project("{9A19103F-16F7-4668-BE54-9A1E7A4F7556}") = "NKnife.Module.Data.ProviderFactory", "Modules\Data\NKnife.Module.Data.ProviderFactory\NKnife.Module.Data.ProviderFactory.csproj", "{6B14DC7E-3985-4ECB-9ACE-D4BC9878BF2F}"
EndProject
Project("{9A19103F-16F7-4668-BE54-9A1E7A4F7556}") = "NKnife.Circe.Domain", "NKnife.Circe.Domain\NKnife.Circe.Domain.csproj", "{439481DE-88DE-4FED-BE77-A73A9D25C0F5}"
EndProject
Project("{9A19103F-16F7-4668-BE54-9A1E7A4F7556}") = "NKnife.Module.Data.Repository", "Modules\Data\NKnife.Module.Data.Repository\NKnife.Module.Data.Repository.csproj", "{ABEB2A07-76AB-4D04-AF7E-4C1AB7A091F4}"
EndProject
Project("{9A19103F-16F7-4668-BE54-9A1E7A4F7556}") = "NKnife.Feature.PreferenceService", "Features\NKnife.Feature.PreferenceService\NKnife.Feature.PreferenceService.csproj", "{2A26DA60-4AFC-4416-9F3C-4FCE1AA84A84}"
EndProject
Project("{9A19103F-16F7-4668-BE54-9A1E7A4F7556}") = "NKnife.Module.Data.Databases", "Modules\Data\NKnife.Module.Data.Databases\NKnife.Module.Data.Databases.csproj", "{9E75D49D-DEC7-4325-8AD6-1CD951C53494}"
EndProject
Project("{9A19103F-16F7-4668-BE54-9A1E7A4F7556}") = "NKnife.Module.Data.Storages", "Modules\Data\NKnife.Module.Data.Storages\NKnife.Module.Data.Storages.csproj", "{D11639D4-530C-4813-B786-18595B64F008}"
EndProject
Project("{9A19103F-16F7-4668-BE54-9A1E7A4F7556}") = "NKnife.Circe.Theme", "NKnife.Circe.Theme\NKnife.Circe.Theme.csproj", "{260382E0-1F2E-42A9-AA63-86D3E725DE89}"
EndProject
Project("{FAE04EC0-301F-11D3-BF4B-00C04F79EFBC}") = "NKnife.Module.Workbench", "Modules\NKnife.Module.Workbench\NKnife.Module.Workbench.csproj", "{AC5DFEF4-8132-4B8B-9411-0EC3344B0DE7}"
EndProject
Project("{FAE04EC0-301F-11D3-BF4B-00C04F79EFBC}") = "NKnife.Feature.ConnectorManager", "Features\NKnife.Feature.ConnectorManager\NKnife.Feature.ConnectorManager.csproj", "{3451134C-4FC2-4250-8068-53385C9D1DB4}"
EndProject
Project("{FAE04EC0-301F-11D3-BF4B-00C04F79EFBC}") = "NKnife.Module.ConnectorManager", "Modules\Managers\NKnife.Module.ConnectorManager\NKnife.Module.ConnectorManager.csproj", "{1EE10707-05B2-4B53-AEAC-27BAA277D458}"
EndProject
Project("{FAE04EC0-301F-11D3-BF4B-00C04F79EFBC}") = "NKnife.Module.UutManager", "Modules\Managers\NKnife.Module.UutManager\NKnife.Module.UutManager.csproj", "{D32083E7-1FCB-46D7-85F6-E513F72DAE67}"
EndProject
Project("{FAE04EC0-301F-11D3-BF4B-00C04F79EFBC}") = "NKnife.Module.ExperimentManager", "Modules\Managers\NKnife.Module.ExperimentManager\NKnife.Module.ExperimentManager.csproj", "{CCB139CE-16D2-4378-9060-1E605A64D003}"
EndProject
Project("{FAE04EC0-301F-11D3-BF4B-00C04F79EFBC}") = "NKnife.Module.InstrumentManager", "Modules\Managers\NKnife.Module.InstrumentManager\NKnife.Module.InstrumentManager.csproj", "{9A42BE8C-5B39-4377-A982-9406C0EC8CB2}"
EndProject
Project("{2150E333-8FDC-42A3-9474-1A3956D46DE8}") = "Managers", "Managers", "{C9E3426F-9CAB-4749-8EAA-A5DE38B975CF}"
EndProject
Project("{FAE04EC0-301F-11D3-BF4B-00C04F79EFBC}") = "Rays.Common", "..\Mercury\Pendings\Rays.Common\Rays.Common.csproj", "{DFADC967-FD6C-7014-88AD-B55C7F6AA6D5}"
EndProject
Project("{FAE04EC0-301F-11D3-BF4B-00C04F79EFBC}") = "Rays.Library", "..\Mercury\Pendings\Rays.Library\Rays.Library.csproj", "{9F9C1A15-9EA9-5E60-3D93-CAE08980C321}"
EndProject
Project("{FAE04EC0-301F-11D3-BF4B-00C04F79EFBC}") = "Rays.Commlink", "..\Mercury\Pendings\Rays.Commlink\Rays.Commlink.csproj", "{92729374-D8AF-3E1A-AE0F-90A32E974CAF}"
EndProject
Project("{FAE04EC0-301F-11D3-BF4B-00C04F79EFBC}") = "Rays.Core", "..\Mercury\Pendings\Rays.Core\Rays.Core.csproj", "{8AB0F11F-7A71-C16B-0FD3-49E16623BDE0}"
EndProject
Project("{FAE04EC0-301F-11D3-BF4B-00C04F79EFBC}") = "NKnife.Circe.Feature.Common", "NKnife.Circe.Feature.Common\NKnife.Circe.Feature.Common.csproj", "{FBB820FD-7E50-4BE5-B921-B9AA8F94FE9F}"
EndProject
Global
	GlobalSection(SolutionConfigurationPlatforms) = preSolution
		Debug|Any CPU = Debug|Any CPU
		Release|Any CPU = Release|Any CPU
	EndGlobalSection
	GlobalSection(ProjectConfigurationPlatforms) = postSolution
		{21EC3E38-00B2-4FA8-8780-ECC59C1A073D}.Debug|Any CPU.ActiveCfg = Debug|Any CPU
		{21EC3E38-00B2-4FA8-8780-ECC59C1A073D}.Debug|Any CPU.Build.0 = Debug|Any CPU
		{21EC3E38-00B2-4FA8-8780-ECC59C1A073D}.Release|Any CPU.ActiveCfg = Release|Any CPU
		{21EC3E38-00B2-4FA8-8780-ECC59C1A073D}.Release|Any CPU.Build.0 = Release|Any CPU
		{079075DF-5013-4A5E-BEDA-D5488DB876E4}.Debug|Any CPU.ActiveCfg = Debug|Any CPU
		{079075DF-5013-4A5E-BEDA-D5488DB876E4}.Debug|Any CPU.Build.0 = Debug|Any CPU
		{079075DF-5013-4A5E-BEDA-D5488DB876E4}.Release|Any CPU.ActiveCfg = Release|Any CPU
		{079075DF-5013-4A5E-BEDA-D5488DB876E4}.Release|Any CPU.Build.0 = Release|Any CPU
		{47EA2163-1F4A-4144-B4F6-9E0AA22E0696}.Debug|Any CPU.ActiveCfg = Debug|Any CPU
		{47EA2163-1F4A-4144-B4F6-9E0AA22E0696}.Debug|Any CPU.Build.0 = Debug|Any CPU
		{47EA2163-1F4A-4144-B4F6-9E0AA22E0696}.Release|Any CPU.ActiveCfg = Release|Any CPU
		{47EA2163-1F4A-4144-B4F6-9E0AA22E0696}.Release|Any CPU.Build.0 = Release|Any CPU
		{4C757E00-AD61-4328-ACD6-5792C20B2B23}.Debug|Any CPU.ActiveCfg = Debug|Any CPU
		{4C757E00-AD61-4328-ACD6-5792C20B2B23}.Debug|Any CPU.Build.0 = Debug|Any CPU
		{4C757E00-AD61-4328-ACD6-5792C20B2B23}.Release|Any CPU.ActiveCfg = Release|Any CPU
		{4C757E00-AD61-4328-ACD6-5792C20B2B23}.Release|Any CPU.Build.0 = Release|Any CPU
		{B50D8FC4-4D89-422D-ABCC-73A168CF58ED}.Debug|Any CPU.ActiveCfg = Debug|Any CPU
		{B50D8FC4-4D89-422D-ABCC-73A168CF58ED}.Debug|Any CPU.Build.0 = Debug|Any CPU
		{B50D8FC4-4D89-422D-ABCC-73A168CF58ED}.Release|Any CPU.ActiveCfg = Release|Any CPU
		{B50D8FC4-4D89-422D-ABCC-73A168CF58ED}.Release|Any CPU.Build.0 = Release|Any CPU
		{7D3C68AD-E4D5-4C3B-B7AF-57BEE6284840}.Debug|Any CPU.ActiveCfg = Debug|Any CPU
		{7D3C68AD-E4D5-4C3B-B7AF-57BEE6284840}.Debug|Any CPU.Build.0 = Debug|Any CPU
		{7D3C68AD-E4D5-4C3B-B7AF-57BEE6284840}.Release|Any CPU.ActiveCfg = Release|Any CPU
		{7D3C68AD-E4D5-4C3B-B7AF-57BEE6284840}.Release|Any CPU.Build.0 = Release|Any CPU
		{8BC4E327-1280-4025-BAB6-E9DB7EC28848}.Debug|Any CPU.ActiveCfg = Debug|Any CPU
		{8BC4E327-1280-4025-BAB6-E9DB7EC28848}.Debug|Any CPU.Build.0 = Debug|Any CPU
		{8BC4E327-1280-4025-BAB6-E9DB7EC28848}.Release|Any CPU.ActiveCfg = Release|Any CPU
		{8BC4E327-1280-4025-BAB6-E9DB7EC28848}.Release|Any CPU.Build.0 = Release|Any CPU
		{58B11524-DD1F-4405-8659-CE7ED74D093E}.Debug|Any CPU.ActiveCfg = Debug|Any CPU
		{58B11524-DD1F-4405-8659-CE7ED74D093E}.Debug|Any CPU.Build.0 = Debug|Any CPU
		{58B11524-DD1F-4405-8659-CE7ED74D093E}.Release|Any CPU.ActiveCfg = Release|Any CPU
		{58B11524-DD1F-4405-8659-CE7ED74D093E}.Release|Any CPU.Build.0 = Release|Any CPU
		{5E13D5A6-5142-4EAC-BB88-FF254B345E7D}.Debug|Any CPU.ActiveCfg = Debug|Any CPU
		{5E13D5A6-5142-4EAC-BB88-FF254B345E7D}.Debug|Any CPU.Build.0 = Debug|Any CPU
		{5E13D5A6-5142-4EAC-BB88-FF254B345E7D}.Release|Any CPU.ActiveCfg = Release|Any CPU
		{5E13D5A6-5142-4EAC-BB88-FF254B345E7D}.Release|Any CPU.Build.0 = Release|Any CPU
		{1F4C7339-9C5A-41FA-BC15-2C67945948B0}.Debug|Any CPU.ActiveCfg = Debug|Any CPU
		{1F4C7339-9C5A-41FA-BC15-2C67945948B0}.Debug|Any CPU.Build.0 = Debug|Any CPU
		{1F4C7339-9C5A-41FA-BC15-2C67945948B0}.Release|Any CPU.ActiveCfg = Release|Any CPU
		{1F4C7339-9C5A-41FA-BC15-2C67945948B0}.Release|Any CPU.Build.0 = Release|Any CPU
		{BF5591DF-D11D-49DA-8EBA-982F77B12CE5}.Debug|Any CPU.ActiveCfg = Debug|Any CPU
		{BF5591DF-D11D-49DA-8EBA-982F77B12CE5}.Debug|Any CPU.Build.0 = Debug|Any CPU
		{BF5591DF-D11D-49DA-8EBA-982F77B12CE5}.Release|Any CPU.ActiveCfg = Release|Any CPU
		{BF5591DF-D11D-49DA-8EBA-982F77B12CE5}.Release|Any CPU.Build.0 = Release|Any CPU
		{91DA622B-2BA3-40C6-88D1-BF38D591F508}.Debug|Any CPU.ActiveCfg = Debug|Any CPU
		{91DA622B-2BA3-40C6-88D1-BF38D591F508}.Debug|Any CPU.Build.0 = Debug|Any CPU
		{91DA622B-2BA3-40C6-88D1-BF38D591F508}.Release|Any CPU.ActiveCfg = Release|Any CPU
		{91DA622B-2BA3-40C6-88D1-BF38D591F508}.Release|Any CPU.Build.0 = Release|Any CPU
		{6B14DC7E-3985-4ECB-9ACE-D4BC9878BF2F}.Debug|Any CPU.ActiveCfg = Debug|Any CPU
		{6B14DC7E-3985-4ECB-9ACE-D4BC9878BF2F}.Debug|Any CPU.Build.0 = Debug|Any CPU
		{6B14DC7E-3985-4ECB-9ACE-D4BC9878BF2F}.Release|Any CPU.ActiveCfg = Release|Any CPU
		{6B14DC7E-3985-4ECB-9ACE-D4BC9878BF2F}.Release|Any CPU.Build.0 = Release|Any CPU
		{439481DE-88DE-4FED-BE77-A73A9D25C0F5}.Debug|Any CPU.ActiveCfg = Debug|Any CPU
		{439481DE-88DE-4FED-BE77-A73A9D25C0F5}.Debug|Any CPU.Build.0 = Debug|Any CPU
		{439481DE-88DE-4FED-BE77-A73A9D25C0F5}.Release|Any CPU.ActiveCfg = Release|Any CPU
		{439481DE-88DE-4FED-BE77-A73A9D25C0F5}.Release|Any CPU.Build.0 = Release|Any CPU
		{ABEB2A07-76AB-4D04-AF7E-4C1AB7A091F4}.Debug|Any CPU.ActiveCfg = Debug|Any CPU
		{ABEB2A07-76AB-4D04-AF7E-4C1AB7A091F4}.Debug|Any CPU.Build.0 = Debug|Any CPU
		{ABEB2A07-76AB-4D04-AF7E-4C1AB7A091F4}.Release|Any CPU.ActiveCfg = Release|Any CPU
		{ABEB2A07-76AB-4D04-AF7E-4C1AB7A091F4}.Release|Any CPU.Build.0 = Release|Any CPU
		{2A26DA60-4AFC-4416-9F3C-4FCE1AA84A84}.Debug|Any CPU.ActiveCfg = Debug|Any CPU
		{2A26DA60-4AFC-4416-9F3C-4FCE1AA84A84}.Debug|Any CPU.Build.0 = Debug|Any CPU
		{2A26DA60-4AFC-4416-9F3C-4FCE1AA84A84}.Release|Any CPU.ActiveCfg = Release|Any CPU
		{2A26DA60-4AFC-4416-9F3C-4FCE1AA84A84}.Release|Any CPU.Build.0 = Release|Any CPU
		{9E75D49D-DEC7-4325-8AD6-1CD951C53494}.Debug|Any CPU.ActiveCfg = Debug|Any CPU
		{9E75D49D-DEC7-4325-8AD6-1CD951C53494}.Debug|Any CPU.Build.0 = Debug|Any CPU
		{9E75D49D-DEC7-4325-8AD6-1CD951C53494}.Release|Any CPU.ActiveCfg = Release|Any CPU
		{9E75D49D-DEC7-4325-8AD6-1CD951C53494}.Release|Any CPU.Build.0 = Release|Any CPU
		{D11639D4-530C-4813-B786-18595B64F008}.Debug|Any CPU.ActiveCfg = Debug|Any CPU
		{D11639D4-530C-4813-B786-18595B64F008}.Debug|Any CPU.Build.0 = Debug|Any CPU
		{D11639D4-530C-4813-B786-18595B64F008}.Release|Any CPU.ActiveCfg = Release|Any CPU
		{D11639D4-530C-4813-B786-18595B64F008}.Release|Any CPU.Build.0 = Release|Any CPU
		{260382E0-1F2E-42A9-AA63-86D3E725DE89}.Debug|Any CPU.ActiveCfg = Debug|Any CPU
		{260382E0-1F2E-42A9-AA63-86D3E725DE89}.Debug|Any CPU.Build.0 = Debug|Any CPU
		{260382E0-1F2E-42A9-AA63-86D3E725DE89}.Release|Any CPU.ActiveCfg = Release|Any CPU
		{260382E0-1F2E-42A9-AA63-86D3E725DE89}.Release|Any CPU.Build.0 = Release|Any CPU
		{AC5DFEF4-8132-4B8B-9411-0EC3344B0DE7}.Debug|Any CPU.ActiveCfg = Debug|Any CPU
		{AC5DFEF4-8132-4B8B-9411-0EC3344B0DE7}.Debug|Any CPU.Build.0 = Debug|Any CPU
		{AC5DFEF4-8132-4B8B-9411-0EC3344B0DE7}.Release|Any CPU.ActiveCfg = Release|Any CPU
		{AC5DFEF4-8132-4B8B-9411-0EC3344B0DE7}.Release|Any CPU.Build.0 = Release|Any CPU
		{3451134C-4FC2-4250-8068-53385C9D1DB4}.Debug|Any CPU.ActiveCfg = Debug|Any CPU
		{3451134C-4FC2-4250-8068-53385C9D1DB4}.Debug|Any CPU.Build.0 = Debug|Any CPU
		{3451134C-4FC2-4250-8068-53385C9D1DB4}.Release|Any CPU.ActiveCfg = Release|Any CPU
		{3451134C-4FC2-4250-8068-53385C9D1DB4}.Release|Any CPU.Build.0 = Release|Any CPU
		{1EE10707-05B2-4B53-AEAC-27BAA277D458}.Debug|Any CPU.ActiveCfg = Debug|Any CPU
		{1EE10707-05B2-4B53-AEAC-27BAA277D458}.Debug|Any CPU.Build.0 = Debug|Any CPU
		{1EE10707-05B2-4B53-AEAC-27BAA277D458}.Release|Any CPU.ActiveCfg = Release|Any CPU
		{1EE10707-05B2-4B53-AEAC-27BAA277D458}.Release|Any CPU.Build.0 = Release|Any CPU
		{D32083E7-1FCB-46D7-85F6-E513F72DAE67}.Debug|Any CPU.ActiveCfg = Debug|Any CPU
		{D32083E7-1FCB-46D7-85F6-E513F72DAE67}.Debug|Any CPU.Build.0 = Debug|Any CPU
		{D32083E7-1FCB-46D7-85F6-E513F72DAE67}.Release|Any CPU.ActiveCfg = Release|Any CPU
		{D32083E7-1FCB-46D7-85F6-E513F72DAE67}.Release|Any CPU.Build.0 = Release|Any CPU
		{CCB139CE-16D2-4378-9060-1E605A64D003}.Debug|Any CPU.ActiveCfg = Debug|Any CPU
		{CCB139CE-16D2-4378-9060-1E605A64D003}.Debug|Any CPU.Build.0 = Debug|Any CPU
		{CCB139CE-16D2-4378-9060-1E605A64D003}.Release|Any CPU.ActiveCfg = Release|Any CPU
		{CCB139CE-16D2-4378-9060-1E605A64D003}.Release|Any CPU.Build.0 = Release|Any CPU
		{9A42BE8C-5B39-4377-A982-9406C0EC8CB2}.Debug|Any CPU.ActiveCfg = Debug|Any CPU
		{9A42BE8C-5B39-4377-A982-9406C0EC8CB2}.Debug|Any CPU.Build.0 = Debug|Any CPU
		{9A42BE8C-5B39-4377-A982-9406C0EC8CB2}.Release|Any CPU.ActiveCfg = Release|Any CPU
		{9A42BE8C-5B39-4377-A982-9406C0EC8CB2}.Release|Any CPU.Build.0 = Release|Any CPU
		{DFADC967-FD6C-7014-88AD-B55C7F6AA6D5}.Debug|Any CPU.ActiveCfg = Debug|Any CPU
		{DFADC967-FD6C-7014-88AD-B55C7F6AA6D5}.Debug|Any CPU.Build.0 = Debug|Any CPU
		{DFADC967-FD6C-7014-88AD-B55C7F6AA6D5}.Release|Any CPU.ActiveCfg = Release|Any CPU
		{DFADC967-FD6C-7014-88AD-B55C7F6AA6D5}.Release|Any CPU.Build.0 = Release|Any CPU
		{9F9C1A15-9EA9-5E60-3D93-CAE08980C321}.Debug|Any CPU.ActiveCfg = Debug|Any CPU
		{9F9C1A15-9EA9-5E60-3D93-CAE08980C321}.Debug|Any CPU.Build.0 = Debug|Any CPU
		{9F9C1A15-9EA9-5E60-3D93-CAE08980C321}.Release|Any CPU.ActiveCfg = Release|Any CPU
		{9F9C1A15-9EA9-5E60-3D93-CAE08980C321}.Release|Any CPU.Build.0 = Release|Any CPU
		{92729374-D8AF-3E1A-AE0F-90A32E974CAF}.Debug|Any CPU.ActiveCfg = Debug|Any CPU
		{92729374-D8AF-3E1A-AE0F-90A32E974CAF}.Debug|Any CPU.Build.0 = Debug|Any CPU
		{92729374-D8AF-3E1A-AE0F-90A32E974CAF}.Release|Any CPU.ActiveCfg = Release|Any CPU
		{92729374-D8AF-3E1A-AE0F-90A32E974CAF}.Release|Any CPU.Build.0 = Release|Any CPU
		{8AB0F11F-7A71-C16B-0FD3-49E16623BDE0}.Debug|Any CPU.ActiveCfg = Debug|Any CPU
		{8AB0F11F-7A71-C16B-0FD3-49E16623BDE0}.Debug|Any CPU.Build.0 = Debug|Any CPU
		{8AB0F11F-7A71-C16B-0FD3-49E16623BDE0}.Release|Any CPU.ActiveCfg = Release|Any CPU
		{8AB0F11F-7A71-C16B-0FD3-49E16623BDE0}.Release|Any CPU.Build.0 = Release|Any CPU
		{FBB820FD-7E50-4BE5-B921-B9AA8F94FE9F}.Debug|Any CPU.ActiveCfg = Debug|Any CPU
		{FBB820FD-7E50-4BE5-B921-B9AA8F94FE9F}.Debug|Any CPU.Build.0 = Debug|Any CPU
		{FBB820FD-7E50-4BE5-B921-B9AA8F94FE9F}.Release|Any CPU.ActiveCfg = Release|Any CPU
		{FBB820FD-7E50-4BE5-B921-B9AA8F94FE9F}.Release|Any CPU.Build.0 = Release|Any CPU
	EndGlobalSection
	GlobalSection(SolutionProperties) = preSolution
		HideSolutionNode = FALSE
	EndGlobalSection
	GlobalSection(NestedProjects) = preSolution
		{47EA2163-1F4A-4144-B4F6-9E0AA22E0696} = {580A001F-41DE-4C6A-BB7B-ED1ED7786497}
		{3180208E-0D55-45C8-91E1-ADB903A66B07} = {0839C8C2-F3EA-4CF7-B310-799B378425D9}
		{D9A2269E-6E1C-4266-9E12-31CFEF6B7B72} = {0839C8C2-F3EA-4CF7-B310-799B378425D9}
		{2B9DEE8E-55D6-451E-BDA1-4CE84F36B2C4} = {B63E9AE2-E324-4E5B-810A-88FB42FF9D78}
		{4C757E00-AD61-4328-ACD6-5792C20B2B23} = {580A001F-41DE-4C6A-BB7B-ED1ED7786497}
		{B50D8FC4-4D89-422D-ABCC-73A168CF58ED} = {0839C8C2-F3EA-4CF7-B310-799B378425D9}
		{580A001F-41DE-4C6A-BB7B-ED1ED7786497} = {0839C8C2-F3EA-4CF7-B310-799B378425D9}
		{7D3C68AD-E4D5-4C3B-B7AF-57BEE6284840} = {580A001F-41DE-4C6A-BB7B-ED1ED7786497}
		{8BC4E327-1280-4025-BAB6-E9DB7EC28848} = {B63E9AE2-E324-4E5B-810A-88FB42FF9D78}
		{58B11524-DD1F-4405-8659-CE7ED74D093E} = {B63E9AE2-E324-4E5B-810A-88FB42FF9D78}
		{5E13D5A6-5142-4EAC-BB88-FF254B345E7D} = {580A001F-41DE-4C6A-BB7B-ED1ED7786497}
		{97FF4408-6A9C-429A-AFBB-AC2CA21FF913} = {0839C8C2-F3EA-4CF7-B310-799B378425D9}
		{1F4C7339-9C5A-41FA-BC15-2C67945948B0} = {C9E3426F-9CAB-4749-8EAA-A5DE38B975CF}
		{BF5591DF-D11D-49DA-8EBA-982F77B12CE5} = {C9E3426F-9CAB-4749-8EAA-A5DE38B975CF}
		{91DA622B-2BA3-40C6-88D1-BF38D591F508} = {C9E3426F-9CAB-4749-8EAA-A5DE38B975CF}
		{6B14DC7E-3985-4ECB-9ACE-D4BC9878BF2F} = {97FF4408-6A9C-429A-AFBB-AC2CA21FF913}
		{ABEB2A07-76AB-4D04-AF7E-4C1AB7A091F4} = {97FF4408-6A9C-429A-AFBB-AC2CA21FF913}
		{2A26DA60-4AFC-4416-9F3C-4FCE1AA84A84} = {B63E9AE2-E324-4E5B-810A-88FB42FF9D78}
		{9E75D49D-DEC7-4325-8AD6-1CD951C53494} = {97FF4408-6A9C-429A-AFBB-AC2CA21FF913}
		{D11639D4-530C-4813-B786-18595B64F008} = {97FF4408-6A9C-429A-AFBB-AC2CA21FF913}
		{AC5DFEF4-8132-4B8B-9411-0EC3344B0DE7} = {0839C8C2-F3EA-4CF7-B310-799B378425D9}
		{3451134C-4FC2-4250-8068-53385C9D1DB4} = {C9E3426F-9CAB-4749-8EAA-A5DE38B975CF}
		{1EE10707-05B2-4B53-AEAC-27BAA277D458} = {3180208E-0D55-45C8-91E1-ADB903A66B07}
		{D32083E7-1FCB-46D7-85F6-E513F72DAE67} = {3180208E-0D55-45C8-91E1-ADB903A66B07}
		{CCB139CE-16D2-4378-9060-1E605A64D003} = {3180208E-0D55-45C8-91E1-ADB903A66B07}
		{9A42BE8C-5B39-4377-A982-9406C0EC8CB2} = {3180208E-0D55-45C8-91E1-ADB903A66B07}
		{C9E3426F-9CAB-4749-8EAA-A5DE38B975CF} = {B63E9AE2-E324-4E5B-810A-88FB42FF9D78}
		{DFADC967-FD6C-7014-88AD-B55C7F6AA6D5} = {380C48BA-F6FC-4B61-93E8-0C187442C095}
		{9F9C1A15-9EA9-5E60-3D93-CAE08980C321} = {380C48BA-F6FC-4B61-93E8-0C187442C095}
		{92729374-D8AF-3E1A-AE0F-90A32E974CAF} = {380C48BA-F6FC-4B61-93E8-0C187442C095}
		{8AB0F11F-7A71-C16B-0FD3-49E16623BDE0} = {380C48BA-F6FC-4B61-93E8-0C187442C095}
	EndGlobalSection
	GlobalSection(ExtensibilityGlobals) = postSolution
		SolutionGuid = {2D98A22A-519B-463C-97E1-57C979C9754C}
	EndGlobalSection
EndGlobal
