
Microsoft Visual Studio Solution File, Format Version 12.00
# Visual Studio Version 16
VisualStudioVersion = 16.0.29609.76
MinimumVisualStudioVersion = 10.0.40219.1
Project("{FAE04EC0-301F-11D3-BF4B-00C04F79EFBC}") = "NKnife.MeterKnife.Volcano", "NKnife.MeterKnife.Volcano\NKnife.MeterKnife.Volcano.csproj", "{BB63BB66-003B-40F0-BC98-6B7834735C3B}"
EndProject
Project("{FAE04EC0-301F-11D3-BF4B-00C04F79EFBC}") = "NKnife.MeterKnife", "NKnife.MeterKnife\NKnife.MeterKnife.csproj", "{84DB6D0C-D089-4A12-8D3D-1DA280CD2D8F}"
EndProject
Project("{FAE04EC0-301F-11D3-BF4B-00C04F79EFBC}") = "NKnife.MeterKnife.Tests", "NKnife.MeterKnife.Tests\NKnife.MeterKnife.Tests.csproj", "{542A33F3-DF88-46C7-B177-7C20ADC52CF8}"
EndProject
Global
	GlobalSection(SolutionConfigurationPlatforms) = preSolution
		Debug|Any CPU = Debug|Any CPU
		Release|Any CPU = Release|Any CPU
	EndGlobalSection
	GlobalSection(ProjectConfigurationPlatforms) = postSolution
		{BB63BB66-003B-40F0-BC98-6B7834735C3B}.Debug|Any CPU.ActiveCfg = Debug|Any CPU
		{BB63BB66-003B-40F0-BC98-6B7834735C3B}.Debug|Any CPU.Build.0 = Debug|Any CPU
		{BB63BB66-003B-40F0-BC98-6B7834735C3B}.Release|Any CPU.ActiveCfg = Release|Any CPU
		{BB63BB66-003B-40F0-BC98-6B7834735C3B}.Release|Any CPU.Build.0 = Release|Any CPU
		{84DB6D0C-D089-4A12-8D3D-1DA280CD2D8F}.Debug|Any CPU.ActiveCfg = Debug|Any CPU
		{84DB6D0C-D089-4A12-8D3D-1DA280CD2D8F}.Debug|Any CPU.Build.0 = Debug|Any CPU
		{84DB6D0C-D089-4A12-8D3D-1DA280CD2D8F}.Release|Any CPU.ActiveCfg = Release|Any CPU
		{84DB6D0C-D089-4A12-8D3D-1DA280CD2D8F}.Release|Any CPU.Build.0 = Release|Any CPU
		{542A33F3-DF88-46C7-B177-7C20ADC52CF8}.Debug|Any CPU.ActiveCfg = Debug|Any CPU
		{542A33F3-DF88-46C7-B177-7C20ADC52CF8}.Debug|Any CPU.Build.0 = Debug|Any CPU
		{542A33F3-DF88-46C7-B177-7C20ADC52CF8}.Release|Any CPU.ActiveCfg = Release|Any CPU
		{542A33F3-DF88-46C7-B177-7C20ADC52CF8}.Release|Any CPU.Build.0 = Release|Any CPU
	EndGlobalSection
	GlobalSection(SolutionProperties) = preSolution
		HideSolutionNode = FALSE
	EndGlobalSection
	GlobalSection(ExtensibilityGlobals) = postSolution
		SolutionGuid = {6BB8D39A-9037-4EDA-81C4-D5D528FCA124}
	EndGlobalSection
EndGlobal
