
Microsoft Visual Studio Solution File, Format Version 12.00
# Visual Studio Version 17
VisualStudioVersion = 17.3.32901.215
MinimumVisualStudioVersion = 10.0.40219.1
Project("{2150E333-8FDC-42A3-9474-1A3956D46DE8}") = "Document", "Document", "{2D6896B1-3864-454A-A39F-123292729A90}"
	ProjectSection(SolutionItems) = preProject
		.editorconfig = .editorconfig
		.filenesting.json = .filenesting.json
		.gitignore = .gitignore
		Directory.Build.props = Directory.Build.props
		LICENSE = LICENSE
		NKnife.Circe.sln.DotSettings = NKnife.Circe.sln.DotSettings
		README.md = README.md
	EndProjectSection
EndProject
Project("{9A19103F-16F7-4668-BE54-9A1E7A4F7556}") = "NKnife.Circe.Base", "NKnife.Circe.Base\NKnife.Circe.Base.csproj", "{21EC3E38-00B2-4FA8-8780-ECC59C1A073D}"
EndProject
Project("{2150E333-8FDC-42A3-9474-1A3956D46DE8}") = "Modules", "Modules", "{0839C8C2-F3EA-4CF7-B310-799B378425D9}"
EndProject
Project("{2150E333-8FDC-42A3-9474-1A3956D46DE8}") = "Features", "Features", "{B63E9AE2-E324-4E5B-810A-88FB42FF9D78}"
EndProject
Project("{9A19103F-16F7-4668-BE54-9A1E7A4F7556}") = "NKnife.Circe.App", "NKnife.Circe.App\NKnife.Circe.App.csproj", "{079075DF-5013-4A5E-BEDA-D5488DB876E4}"
EndProject
Project("{2150E333-8FDC-42A3-9474-1A3956D46DE8}") = "UnitTests", "UnitTests", "{63044CBF-C32E-4803-B6B7-5122D49DBF89}"
EndProject
Project("{2150E333-8FDC-42A3-9474-1A3956D46DE8}") = "Tools", "Tools", "{1FAA8474-79A6-478A-995F-B551C0D9CFBE}"
EndProject
Project("{2150E333-8FDC-42A3-9474-1A3956D46DE8}") = "Addins", "Addins", "{95392B2E-4245-4B01-BCC4-A246435AB118}"
EndProject
Project("{2150E333-8FDC-42A3-9474-1A3956D46DE8}") = "Lib", "Lib", "{380C48BA-F6FC-4B61-93E8-0C187442C095}"
EndProject
Project("{9A19103F-16F7-4668-BE54-9A1E7A4F7556}") = "RAY.Library", "..\Mercury\Common\RAY.Library\RAY.Library.csproj", "{C0A80A56-5E44-4E21-8871-0FEC521A402B}"
EndProject
Project("{9A19103F-16F7-4668-BE54-9A1E7A4F7556}") = "RAY.Common", "..\Mercury\Common\RAY.Common\RAY.Common.csproj", "{0281F91A-2C61-409F-A88A-297FA6E66C35}"
EndProject
Project("{9A19103F-16F7-4668-BE54-9A1E7A4F7556}") = "RAY.Commlink", "..\Mercury\Common\RAY.Commlink\RAY.Commlink.csproj", "{FB3DF647-A8EA-4279-BFBD-3FACD39CFFE0}"
EndProject
Project("{9A19103F-16F7-4668-BE54-9A1E7A4F7556}") = "RAY.Plugins", "..\Mercury\Common\RAY.Plugins\RAY.Plugins.csproj", "{A02428B4-20ED-4783-9069-7E42C5177799}"
EndProject
Project("{9A19103F-16F7-4668-BE54-9A1E7A4F7556}") = "RAY.Plugins.WPF", "..\Mercury\Common\RAY.Plugins.WPF\RAY.Plugins.WPF.csproj", "{5F26D116-B47C-4A2C-A9C0-7D1D3860DF89}"
EndProject
Project("{9A19103F-16F7-4668-BE54-9A1E7A4F7556}") = "RAY.Windows", "..\Mercury\Common\RAY.Windows\RAY.Windows.csproj", "{7DAB7FE6-B075-44CC-9A86-A80EABB31857}"
EndProject
Project("{9A19103F-16F7-4668-BE54-9A1E7A4F7556}") = "UnitTest.RAY", "..\Mercury\UnitTests\UnitTest.RAY\UnitTest.RAY.csproj", "{79E78831-1DAB-427C-9EDE-8FA2A3CE57CC}"
EndProject
Project("{9A19103F-16F7-4668-BE54-9A1E7A4F7556}") = "UnitTest.RAY.Library", "..\Mercury\UnitTests\UnitTest.RAY.Library\UnitTest.RAY.Library.csproj", "{1C2FA20E-4048-4CF8-B397-A8669A58627A}"
EndProject
Project("{9A19103F-16F7-4668-BE54-9A1E7A4F7556}") = "UnitTest.RAY.Plugins", "..\Mercury\UnitTests\UnitTest.RAY.Plugins\UnitTest.RAY.Plugins.csproj", "{3C17DD39-538C-4823-9620-12E516FA68EA}"
EndProject
Project("{9A19103F-16F7-4668-BE54-9A1E7A4F7556}") = "UnitTest.Ray.Windows", "..\Mercury\UnitTests\UnitTest.Ray.Windows\UnitTest.Ray.Windows.csproj", "{D2985C1F-3FC9-405D-828D-F93CA5A63400}"
EndProject
Project("{2150E333-8FDC-42A3-9474-1A3956D46DE8}") = "Testbed", "Testbed", "{F466C7E2-81C8-4481-A5A7-6F32297253AD}"
EndProject
Project("{9A19103F-16F7-4668-BE54-9A1E7A4F7556}") = "NKnife.Module.Manager.SurroundingManager", "Modules\Managers\NKnife.Module.Manager.SurroundingManager\NKnife.Module.Manager.SurroundingManager.csproj", "{47EA2163-1F4A-4144-B4F6-9E0AA22E0696}"
EndProject
Project("{2150E333-8FDC-42A3-9474-1A3956D46DE8}") = "Managers", "Managers", "{3180208E-0D55-45C8-91E1-ADB903A66B07}"
EndProject
Project("{2150E333-8FDC-42A3-9474-1A3956D46DE8}") = "UI", "UI", "{E2FDDAA3-2F81-48E9-AB51-B74EA4541EF3}"
EndProject
Project("{9A19103F-16F7-4668-BE54-9A1E7A4F7556}") = "NKnife.Module.UI.MainWorkbench", "Modules\UI\NKnife.Module.UI.MainWorkbench\NKnife.Module.UI.MainWorkbench.csproj", "{65D27A83-BD39-486C-9E6A-BC4F7086747A}"
EndProject
Project("{2150E333-8FDC-42A3-9474-1A3956D46DE8}") = "Lib", "Lib", "{D9A2269E-6E1C-4266-9E12-31CFEF6B7B72}"
EndProject
Project("{2150E333-8FDC-42A3-9474-1A3956D46DE8}") = "UnitTests", "UnitTests", "{DF8D2AF3-86D7-4C8D-A420-034AEEA4DB27}"
EndProject
Project("{2150E333-8FDC-42A3-9474-1A3956D46DE8}") = "Lib", "Lib", "{2B9DEE8E-55D6-451E-BDA1-4CE84F36B2C4}"
EndProject
Project("{9A19103F-16F7-4668-BE54-9A1E7A4F7556}") = "LEIAO.Feature.PluginBrowser", "..\Mercury\Features\LEIAO.Feature.PluginBrowser\LEIAO.Feature.PluginBrowser.csproj", "{3F1FEA16-0199-4D9E-9CD5-00DF48AEDC90}"
EndProject
Project("{FAE04EC0-301F-11D3-BF4B-00C04F79EFBC}") = "NKnife.Module.Manager.OptionManager", "Modules\Managers\NKnife.Module.Manager.OptionManager\NKnife.Module.Manager.OptionManager.csproj", "{4C757E00-AD61-4328-ACD6-5792C20B2B23}"
EndProject
Global
	GlobalSection(SolutionConfigurationPlatforms) = preSolution
		Debug|Any CPU = Debug|Any CPU
		Release|Any CPU = Release|Any CPU
	EndGlobalSection
	GlobalSection(ProjectConfigurationPlatforms) = postSolution
		{21EC3E38-00B2-4FA8-8780-ECC59C1A073D}.Debug|Any CPU.ActiveCfg = Debug|Any CPU
		{21EC3E38-00B2-4FA8-8780-ECC59C1A073D}.Debug|Any CPU.Build.0 = Debug|Any CPU
		{21EC3E38-00B2-4FA8-8780-ECC59C1A073D}.Release|Any CPU.ActiveCfg = Release|Any CPU
		{21EC3E38-00B2-4FA8-8780-ECC59C1A073D}.Release|Any CPU.Build.0 = Release|Any CPU
		{079075DF-5013-4A5E-BEDA-D5488DB876E4}.Debug|Any CPU.ActiveCfg = Debug|Any CPU
		{079075DF-5013-4A5E-BEDA-D5488DB876E4}.Debug|Any CPU.Build.0 = Debug|Any CPU
		{079075DF-5013-4A5E-BEDA-D5488DB876E4}.Release|Any CPU.ActiveCfg = Release|Any CPU
		{079075DF-5013-4A5E-BEDA-D5488DB876E4}.Release|Any CPU.Build.0 = Release|Any CPU
		{C0A80A56-5E44-4E21-8871-0FEC521A402B}.Debug|Any CPU.ActiveCfg = Debug|Any CPU
		{C0A80A56-5E44-4E21-8871-0FEC521A402B}.Debug|Any CPU.Build.0 = Debug|Any CPU
		{C0A80A56-5E44-4E21-8871-0FEC521A402B}.Release|Any CPU.ActiveCfg = Release|Any CPU
		{C0A80A56-5E44-4E21-8871-0FEC521A402B}.Release|Any CPU.Build.0 = Release|Any CPU
		{0281F91A-2C61-409F-A88A-297FA6E66C35}.Debug|Any CPU.ActiveCfg = Debug|Any CPU
		{0281F91A-2C61-409F-A88A-297FA6E66C35}.Debug|Any CPU.Build.0 = Debug|Any CPU
		{0281F91A-2C61-409F-A88A-297FA6E66C35}.Release|Any CPU.ActiveCfg = Release|Any CPU
		{0281F91A-2C61-409F-A88A-297FA6E66C35}.Release|Any CPU.Build.0 = Release|Any CPU
		{FB3DF647-A8EA-4279-BFBD-3FACD39CFFE0}.Debug|Any CPU.ActiveCfg = Debug|Any CPU
		{FB3DF647-A8EA-4279-BFBD-3FACD39CFFE0}.Debug|Any CPU.Build.0 = Debug|Any CPU
		{FB3DF647-A8EA-4279-BFBD-3FACD39CFFE0}.Release|Any CPU.ActiveCfg = Release|Any CPU
		{FB3DF647-A8EA-4279-BFBD-3FACD39CFFE0}.Release|Any CPU.Build.0 = Release|Any CPU
		{A02428B4-20ED-4783-9069-7E42C5177799}.Debug|Any CPU.ActiveCfg = Debug|Any CPU
		{A02428B4-20ED-4783-9069-7E42C5177799}.Debug|Any CPU.Build.0 = Debug|Any CPU
		{A02428B4-20ED-4783-9069-7E42C5177799}.Release|Any CPU.ActiveCfg = Release|Any CPU
		{A02428B4-20ED-4783-9069-7E42C5177799}.Release|Any CPU.Build.0 = Release|Any CPU
		{5F26D116-B47C-4A2C-A9C0-7D1D3860DF89}.Debug|Any CPU.ActiveCfg = Debug|Any CPU
		{5F26D116-B47C-4A2C-A9C0-7D1D3860DF89}.Debug|Any CPU.Build.0 = Debug|Any CPU
		{5F26D116-B47C-4A2C-A9C0-7D1D3860DF89}.Release|Any CPU.ActiveCfg = Release|Any CPU
		{5F26D116-B47C-4A2C-A9C0-7D1D3860DF89}.Release|Any CPU.Build.0 = Release|Any CPU
		{7DAB7FE6-B075-44CC-9A86-A80EABB31857}.Debug|Any CPU.ActiveCfg = Debug|Any CPU
		{7DAB7FE6-B075-44CC-9A86-A80EABB31857}.Debug|Any CPU.Build.0 = Debug|Any CPU
		{7DAB7FE6-B075-44CC-9A86-A80EABB31857}.Release|Any CPU.ActiveCfg = Release|Any CPU
		{7DAB7FE6-B075-44CC-9A86-A80EABB31857}.Release|Any CPU.Build.0 = Release|Any CPU
		{79E78831-1DAB-427C-9EDE-8FA2A3CE57CC}.Debug|Any CPU.ActiveCfg = Debug|Any CPU
		{79E78831-1DAB-427C-9EDE-8FA2A3CE57CC}.Debug|Any CPU.Build.0 = Debug|Any CPU
		{79E78831-1DAB-427C-9EDE-8FA2A3CE57CC}.Release|Any CPU.ActiveCfg = Release|Any CPU
		{79E78831-1DAB-427C-9EDE-8FA2A3CE57CC}.Release|Any CPU.Build.0 = Release|Any CPU
		{1C2FA20E-4048-4CF8-B397-A8669A58627A}.Debug|Any CPU.ActiveCfg = Debug|Any CPU
		{1C2FA20E-4048-4CF8-B397-A8669A58627A}.Debug|Any CPU.Build.0 = Debug|Any CPU
		{1C2FA20E-4048-4CF8-B397-A8669A58627A}.Release|Any CPU.ActiveCfg = Release|Any CPU
		{1C2FA20E-4048-4CF8-B397-A8669A58627A}.Release|Any CPU.Build.0 = Release|Any CPU
		{3C17DD39-538C-4823-9620-12E516FA68EA}.Debug|Any CPU.ActiveCfg = Debug|Any CPU
		{3C17DD39-538C-4823-9620-12E516FA68EA}.Debug|Any CPU.Build.0 = Debug|Any CPU
		{3C17DD39-538C-4823-9620-12E516FA68EA}.Release|Any CPU.ActiveCfg = Release|Any CPU
		{3C17DD39-538C-4823-9620-12E516FA68EA}.Release|Any CPU.Build.0 = Release|Any CPU
		{D2985C1F-3FC9-405D-828D-F93CA5A63400}.Debug|Any CPU.ActiveCfg = Debug|Any CPU
		{D2985C1F-3FC9-405D-828D-F93CA5A63400}.Debug|Any CPU.Build.0 = Debug|Any CPU
		{D2985C1F-3FC9-405D-828D-F93CA5A63400}.Release|Any CPU.ActiveCfg = Release|Any CPU
		{D2985C1F-3FC9-405D-828D-F93CA5A63400}.Release|Any CPU.Build.0 = Release|Any CPU
		{47EA2163-1F4A-4144-B4F6-9E0AA22E0696}.Debug|Any CPU.ActiveCfg = Debug|Any CPU
		{47EA2163-1F4A-4144-B4F6-9E0AA22E0696}.Debug|Any CPU.Build.0 = Debug|Any CPU
		{47EA2163-1F4A-4144-B4F6-9E0AA22E0696}.Release|Any CPU.ActiveCfg = Release|Any CPU
		{47EA2163-1F4A-4144-B4F6-9E0AA22E0696}.Release|Any CPU.Build.0 = Release|Any CPU
		{65D27A83-BD39-486C-9E6A-BC4F7086747A}.Debug|Any CPU.ActiveCfg = Debug|Any CPU
		{65D27A83-BD39-486C-9E6A-BC4F7086747A}.Debug|Any CPU.Build.0 = Debug|Any CPU
		{65D27A83-BD39-486C-9E6A-BC4F7086747A}.Release|Any CPU.ActiveCfg = Release|Any CPU
		{65D27A83-BD39-486C-9E6A-BC4F7086747A}.Release|Any CPU.Build.0 = Release|Any CPU
		{3F1FEA16-0199-4D9E-9CD5-00DF48AEDC90}.Debug|Any CPU.ActiveCfg = Debug|Any CPU
		{3F1FEA16-0199-4D9E-9CD5-00DF48AEDC90}.Debug|Any CPU.Build.0 = Debug|Any CPU
		{3F1FEA16-0199-4D9E-9CD5-00DF48AEDC90}.Release|Any CPU.ActiveCfg = Release|Any CPU
		{3F1FEA16-0199-4D9E-9CD5-00DF48AEDC90}.Release|Any CPU.Build.0 = Release|Any CPU
		{4C757E00-AD61-4328-ACD6-5792C20B2B23}.Debug|Any CPU.ActiveCfg = Debug|Any CPU
		{4C757E00-AD61-4328-ACD6-5792C20B2B23}.Debug|Any CPU.Build.0 = Debug|Any CPU
		{4C757E00-AD61-4328-ACD6-5792C20B2B23}.Release|Any CPU.ActiveCfg = Release|Any CPU
		{4C757E00-AD61-4328-ACD6-5792C20B2B23}.Release|Any CPU.Build.0 = Release|Any CPU
	EndGlobalSection
	GlobalSection(SolutionProperties) = preSolution
		HideSolutionNode = FALSE
	EndGlobalSection
	GlobalSection(NestedProjects) = preSolution
		{C0A80A56-5E44-4E21-8871-0FEC521A402B} = {380C48BA-F6FC-4B61-93E8-0C187442C095}
		{0281F91A-2C61-409F-A88A-297FA6E66C35} = {380C48BA-F6FC-4B61-93E8-0C187442C095}
		{FB3DF647-A8EA-4279-BFBD-3FACD39CFFE0} = {380C48BA-F6FC-4B61-93E8-0C187442C095}
		{A02428B4-20ED-4783-9069-7E42C5177799} = {380C48BA-F6FC-4B61-93E8-0C187442C095}
		{5F26D116-B47C-4A2C-A9C0-7D1D3860DF89} = {380C48BA-F6FC-4B61-93E8-0C187442C095}
		{7DAB7FE6-B075-44CC-9A86-A80EABB31857} = {380C48BA-F6FC-4B61-93E8-0C187442C095}
		{79E78831-1DAB-427C-9EDE-8FA2A3CE57CC} = {DF8D2AF3-86D7-4C8D-A420-034AEEA4DB27}
		{1C2FA20E-4048-4CF8-B397-A8669A58627A} = {DF8D2AF3-86D7-4C8D-A420-034AEEA4DB27}
		{3C17DD39-538C-4823-9620-12E516FA68EA} = {DF8D2AF3-86D7-4C8D-A420-034AEEA4DB27}
		{D2985C1F-3FC9-405D-828D-F93CA5A63400} = {DF8D2AF3-86D7-4C8D-A420-034AEEA4DB27}
		{47EA2163-1F4A-4144-B4F6-9E0AA22E0696} = {3180208E-0D55-45C8-91E1-ADB903A66B07}
		{3180208E-0D55-45C8-91E1-ADB903A66B07} = {0839C8C2-F3EA-4CF7-B310-799B378425D9}
		{E2FDDAA3-2F81-48E9-AB51-B74EA4541EF3} = {0839C8C2-F3EA-4CF7-B310-799B378425D9}
		{65D27A83-BD39-486C-9E6A-BC4F7086747A} = {E2FDDAA3-2F81-48E9-AB51-B74EA4541EF3}
		{D9A2269E-6E1C-4266-9E12-31CFEF6B7B72} = {0839C8C2-F3EA-4CF7-B310-799B378425D9}
		{DF8D2AF3-86D7-4C8D-A420-034AEEA4DB27} = {380C48BA-F6FC-4B61-93E8-0C187442C095}
		{2B9DEE8E-55D6-451E-BDA1-4CE84F36B2C4} = {B63E9AE2-E324-4E5B-810A-88FB42FF9D78}
		{3F1FEA16-0199-4D9E-9CD5-00DF48AEDC90} = {2B9DEE8E-55D6-451E-BDA1-4CE84F36B2C4}
		{4C757E00-AD61-4328-ACD6-5792C20B2B23} = {3180208E-0D55-45C8-91E1-ADB903A66B07}
	EndGlobalSection
	GlobalSection(ExtensibilityGlobals) = postSolution
		SolutionGuid = {2D98A22A-519B-463C-97E1-57C979C9754C}
	EndGlobalSection
EndGlobal
