
Microsoft Visual Studio Solution File, Format Version 12.00
# Visual Studio 15
VisualStudioVersion = 15.0.26403.0
MinimumVisualStudioVersion = 10.0.40219.1
Project("{FAE04EC0-301F-11D3-BF4B-00C04F79EFBC}") = "MeterKnife.Common", "MeterKnife.Common\MeterKnife.Common.csproj", "{8B62166A-BCB6-434D-91A8-62BCFC26D452}"
EndProject
Project("{FAE04EC0-301F-11D3-BF4B-00C04F79EFBC}") = "MeterKnife.Datas", "MeterKnife.Datas\MeterKnife.Datas.csproj", "{1AB7A059-32CD-405F-A3B2-2D19B430BFF4}"
EndProject
Project("{FAE04EC0-301F-11D3-BF4B-00C04F79EFBC}") = "MeterKnife.Kernel", "MeterKnife.Kernel\MeterKnife.Kernel.csproj", "{C0352137-C756-41DC-80F8-4B026546AD5B}"
EndProject
Project("{FAE04EC0-301F-11D3-BF4B-00C04F79EFBC}") = "MeterKnife.Scpis", "MeterKnife.Scpis\MeterKnife.Scpis.csproj", "{FA16056B-6BF8-464E-A05D-AB2914EB1E37}"
EndProject
Project("{FAE04EC0-301F-11D3-BF4B-00C04F79EFBC}") = "MeterKnife.Reports", "MeterKnife.Reports\MeterKnife.Reports.csproj", "{068A0168-D030-4757-8E19-FF0460D30ACD}"
EndProject
Project("{2150E333-8FDC-42A3-9474-1A3956D46DE8}") = "Huaxin.MultiTemperature", "Huaxin.MultiTemperature", "{DCAE229D-0BF2-4249-9CAD-CF373BB6299F}"
EndProject
Project("{FAE04EC0-301F-11D3-BF4B-00C04F79EFBC}") = "Huaxin.MultiTemperature.Unittests", "Huaxin.MultiTemperature\Huaxin.MultiTemperature.Unittests\Huaxin.MultiTemperature.Unittests.csproj", "{6C35A0F1-2584-4CD8-A1AC-BD8D8FB4DE92}"
EndProject
Project("{FAE04EC0-301F-11D3-BF4B-00C04F79EFBC}") = "Huaxin.MultiTemperature.Common", "Huaxin.MultiTemperature\Huaxin.MultiTemperature.Common\Huaxin.MultiTemperature.Common.csproj", "{FFDE7FC1-B973-4584-8F36-4D2D12817D05}"
EndProject
Project("{FAE04EC0-301F-11D3-BF4B-00C04F79EFBC}") = "Huaxin.MultiTemperature.App.Demo", "Huaxin.MultiTemperature\Huaxin.MultiTemperature.App.Demo\Huaxin.MultiTemperature.App.Demo.csproj", "{C929E888-96E9-44F7-A9D8-F09A085EE2D5}"
EndProject
Project("{FAE04EC0-301F-11D3-BF4B-00C04F79EFBC}") = "Huaxin.MultiTemperature.App", "Huaxin.MultiTemperature\Huaxin.MultiTemperature.App\Huaxin.MultiTemperature.App.csproj", "{A1690059-3805-49DD-B86E-3F56FABEADC4}"
EndProject
Project("{2150E333-8FDC-42A3-9474-1A3956D46DE8}") = "Documents", "Documents", "{00127327-0B2C-4032-B22F-D3C9CA24DB9E}"
	ProjectSection(SolutionItems) = preProject
		Documents\Care通讯协议说明.doc = Documents\Care通讯协议说明.doc
		Documents\MK.xmind = Documents\MK.xmind
		README.md = README.md
	EndProjectSection
EndProject
Project("{FAE04EC0-301F-11D3-BF4B-00C04F79EFBC}") = "Setup", "Setup\Setup.csproj", "{44555887-C439-470C-944D-8866EC3D7067}"
EndProject
Project("{2150E333-8FDC-42A3-9474-1A3956D46DE8}") = "Tests", "Tests", "{E3B3712D-75B6-4C9D-B82E-4613B3EB73A0}"
EndProject
Project("{FAE04EC0-301F-11D3-BF4B-00C04F79EFBC}") = "MeterKnife.Plots", "MeterKnife.Plots\MeterKnife.Plots.csproj", "{9657610D-AF0B-4A6E-854C-196780733D9A}"
EndProject
Project("{FAE04EC0-301F-11D3-BF4B-00C04F79EFBC}") = "MeterKnife.Unittests", "Tests\MeterKnife.Unittests\MeterKnife.Unittests.csproj", "{42726C7B-5146-40F4-8876-2C4125C5173C}"
EndProject
Global
	GlobalSection(SolutionConfigurationPlatforms) = preSolution
		Debug|Any CPU = Debug|Any CPU
		Release|Any CPU = Release|Any CPU
	EndGlobalSection
	GlobalSection(ProjectConfigurationPlatforms) = postSolution
		{8B62166A-BCB6-434D-91A8-62BCFC26D452}.Debug|Any CPU.ActiveCfg = Debug|Any CPU
		{8B62166A-BCB6-434D-91A8-62BCFC26D452}.Debug|Any CPU.Build.0 = Debug|Any CPU
		{8B62166A-BCB6-434D-91A8-62BCFC26D452}.Release|Any CPU.ActiveCfg = Release|Any CPU
		{8B62166A-BCB6-434D-91A8-62BCFC26D452}.Release|Any CPU.Build.0 = Release|Any CPU
		{1AB7A059-32CD-405F-A3B2-2D19B430BFF4}.Debug|Any CPU.ActiveCfg = Debug|Any CPU
		{1AB7A059-32CD-405F-A3B2-2D19B430BFF4}.Debug|Any CPU.Build.0 = Debug|Any CPU
		{1AB7A059-32CD-405F-A3B2-2D19B430BFF4}.Release|Any CPU.ActiveCfg = Release|Any CPU
		{1AB7A059-32CD-405F-A3B2-2D19B430BFF4}.Release|Any CPU.Build.0 = Release|Any CPU
		{C0352137-C756-41DC-80F8-4B026546AD5B}.Debug|Any CPU.ActiveCfg = Debug|Any CPU
		{C0352137-C756-41DC-80F8-4B026546AD5B}.Debug|Any CPU.Build.0 = Debug|Any CPU
		{C0352137-C756-41DC-80F8-4B026546AD5B}.Release|Any CPU.ActiveCfg = Release|Any CPU
		{C0352137-C756-41DC-80F8-4B026546AD5B}.Release|Any CPU.Build.0 = Release|Any CPU
		{FA16056B-6BF8-464E-A05D-AB2914EB1E37}.Debug|Any CPU.ActiveCfg = Debug|Any CPU
		{FA16056B-6BF8-464E-A05D-AB2914EB1E37}.Debug|Any CPU.Build.0 = Debug|Any CPU
		{FA16056B-6BF8-464E-A05D-AB2914EB1E37}.Release|Any CPU.ActiveCfg = Release|Any CPU
		{FA16056B-6BF8-464E-A05D-AB2914EB1E37}.Release|Any CPU.Build.0 = Release|Any CPU
		{068A0168-D030-4757-8E19-FF0460D30ACD}.Debug|Any CPU.ActiveCfg = Debug|Any CPU
		{068A0168-D030-4757-8E19-FF0460D30ACD}.Debug|Any CPU.Build.0 = Debug|Any CPU
		{068A0168-D030-4757-8E19-FF0460D30ACD}.Release|Any CPU.ActiveCfg = Release|Any CPU
		{068A0168-D030-4757-8E19-FF0460D30ACD}.Release|Any CPU.Build.0 = Release|Any CPU
		{6C35A0F1-2584-4CD8-A1AC-BD8D8FB4DE92}.Debug|Any CPU.ActiveCfg = Debug|Any CPU
		{6C35A0F1-2584-4CD8-A1AC-BD8D8FB4DE92}.Debug|Any CPU.Build.0 = Debug|Any CPU
		{6C35A0F1-2584-4CD8-A1AC-BD8D8FB4DE92}.Release|Any CPU.ActiveCfg = Release|Any CPU
		{6C35A0F1-2584-4CD8-A1AC-BD8D8FB4DE92}.Release|Any CPU.Build.0 = Release|Any CPU
		{FFDE7FC1-B973-4584-8F36-4D2D12817D05}.Debug|Any CPU.ActiveCfg = Debug|Any CPU
		{FFDE7FC1-B973-4584-8F36-4D2D12817D05}.Debug|Any CPU.Build.0 = Debug|Any CPU
		{FFDE7FC1-B973-4584-8F36-4D2D12817D05}.Release|Any CPU.ActiveCfg = Release|Any CPU
		{FFDE7FC1-B973-4584-8F36-4D2D12817D05}.Release|Any CPU.Build.0 = Release|Any CPU
		{C929E888-96E9-44F7-A9D8-F09A085EE2D5}.Debug|Any CPU.ActiveCfg = Debug|Any CPU
		{C929E888-96E9-44F7-A9D8-F09A085EE2D5}.Debug|Any CPU.Build.0 = Debug|Any CPU
		{C929E888-96E9-44F7-A9D8-F09A085EE2D5}.Release|Any CPU.ActiveCfg = Release|Any CPU
		{C929E888-96E9-44F7-A9D8-F09A085EE2D5}.Release|Any CPU.Build.0 = Release|Any CPU
		{A1690059-3805-49DD-B86E-3F56FABEADC4}.Debug|Any CPU.ActiveCfg = Debug|Any CPU
		{A1690059-3805-49DD-B86E-3F56FABEADC4}.Debug|Any CPU.Build.0 = Debug|Any CPU
		{A1690059-3805-49DD-B86E-3F56FABEADC4}.Release|Any CPU.ActiveCfg = Release|Any CPU
		{A1690059-3805-49DD-B86E-3F56FABEADC4}.Release|Any CPU.Build.0 = Release|Any CPU
		{44555887-C439-470C-944D-8866EC3D7067}.Debug|Any CPU.ActiveCfg = Debug|Any CPU
		{44555887-C439-470C-944D-8866EC3D7067}.Debug|Any CPU.Build.0 = Debug|Any CPU
		{44555887-C439-470C-944D-8866EC3D7067}.Release|Any CPU.ActiveCfg = Release|Any CPU
		{44555887-C439-470C-944D-8866EC3D7067}.Release|Any CPU.Build.0 = Release|Any CPU
		{9657610D-AF0B-4A6E-854C-196780733D9A}.Debug|Any CPU.ActiveCfg = Debug|Any CPU
		{9657610D-AF0B-4A6E-854C-196780733D9A}.Debug|Any CPU.Build.0 = Debug|Any CPU
		{9657610D-AF0B-4A6E-854C-196780733D9A}.Release|Any CPU.ActiveCfg = Release|Any CPU
		{9657610D-AF0B-4A6E-854C-196780733D9A}.Release|Any CPU.Build.0 = Release|Any CPU
		{42726C7B-5146-40F4-8876-2C4125C5173C}.Debug|Any CPU.ActiveCfg = Debug|Any CPU
		{42726C7B-5146-40F4-8876-2C4125C5173C}.Debug|Any CPU.Build.0 = Debug|Any CPU
		{42726C7B-5146-40F4-8876-2C4125C5173C}.Release|Any CPU.ActiveCfg = Release|Any CPU
		{42726C7B-5146-40F4-8876-2C4125C5173C}.Release|Any CPU.Build.0 = Release|Any CPU
	EndGlobalSection
	GlobalSection(SolutionProperties) = preSolution
		HideSolutionNode = FALSE
	EndGlobalSection
	GlobalSection(NestedProjects) = preSolution
		{6C35A0F1-2584-4CD8-A1AC-BD8D8FB4DE92} = {DCAE229D-0BF2-4249-9CAD-CF373BB6299F}
		{FFDE7FC1-B973-4584-8F36-4D2D12817D05} = {DCAE229D-0BF2-4249-9CAD-CF373BB6299F}
		{C929E888-96E9-44F7-A9D8-F09A085EE2D5} = {DCAE229D-0BF2-4249-9CAD-CF373BB6299F}
		{A1690059-3805-49DD-B86E-3F56FABEADC4} = {DCAE229D-0BF2-4249-9CAD-CF373BB6299F}
		{42726C7B-5146-40F4-8876-2C4125C5173C} = {E3B3712D-75B6-4C9D-B82E-4613B3EB73A0}
	EndGlobalSection
EndGlobal
