
Microsoft Visual Studio Solution File, Format Version 12.00
# Visual Studio 15
VisualStudioVersion = 15.0.26403.7
MinimumVisualStudioVersion = 10.0.40219.1
Project("{FAE04EC0-301F-11D3-BF4B-00C04F79EFBC}") = "MeterKnife.Commons", "MeterKnife.Commons\MeterKnife.Commons.csproj", "{8B62166A-BCB6-434D-91A8-62BCFC26D452}"
EndProject
Project("{FAE04EC0-301F-11D3-BF4B-00C04F79EFBC}") = "MeterKnife.Datas", "MeterKnife.Datas\MeterKnife.Datas.csproj", "{1AB7A059-32CD-405F-A3B2-2D19B430BFF4}"
EndProject
Project("{FAE04EC0-301F-11D3-BF4B-00C04F79EFBC}") = "MeterKnife.Kernel", "MeterKnife.Kernel\MeterKnife.Kernel.csproj", "{C0352137-C756-41DC-80F8-4B026546AD5B}"
EndProject
Project("{FAE04EC0-301F-11D3-BF4B-00C04F79EFBC}") = "MeterKnife.Scpis", "MeterKnife.Scpis\MeterKnife.Scpis.csproj", "{FA16056B-6BF8-464E-A05D-AB2914EB1E37}"
EndProject
Project("{FAE04EC0-301F-11D3-BF4B-00C04F79EFBC}") = "MeterKnife.Reports", "MeterKnife.Reports\MeterKnife.Reports.csproj", "{068A0168-D030-4757-8E19-FF0460D30ACD}"
EndProject
Project("{2150E333-8FDC-42A3-9474-1A3956D46DE8}") = "Documents", "Documents", "{00127327-0B2C-4032-B22F-D3C9CA24DB9E}"
	ProjectSection(SolutionItems) = preProject
		Documents\Care通讯协议说明.doc = Documents\Care通讯协议说明.doc
		CHANGELOG.md = CHANGELOG.md
		Documents\MK.xmind = Documents\MK.xmind
		README.md = README.md
	EndProjectSection
EndProject
Project("{2150E333-8FDC-42A3-9474-1A3956D46DE8}") = "Tests", "Tests", "{E3B3712D-75B6-4C9D-B82E-4613B3EB73A0}"
EndProject
Project("{FAE04EC0-301F-11D3-BF4B-00C04F79EFBC}") = "MeterKnife.Unittests", "Tests\MeterKnife.Unittests\MeterKnife.Unittests.csproj", "{42726C7B-5146-40F4-8876-2C4125C5173C}"
EndProject
Project("{FAE04EC0-301F-11D3-BF4B-00C04F79EFBC}") = "MeterKnife.Views", "MeterKnife.Views\MeterKnife.Views.csproj", "{58446AA7-0041-46D1-A654-61660B9A00D5}"
EndProject
Project("{FAE04EC0-301F-11D3-BF4B-00C04F79EFBC}") = "MeterKnife.ViewModels", "MeterKnife.ViewModels\MeterKnife.ViewModels.csproj", "{A67F283F-DDBB-466D-9960-ED88EF553894}"
EndProject
Project("{FAE04EC0-301F-11D3-BF4B-00C04F79EFBC}") = "MeterKnife.App.Loader", "MeterKnife.App.Loader\MeterKnife.App.Loader.csproj", "{974F3368-91FD-405B-88DE-3CDD84DC23C5}"
EndProject
Project("{2150E333-8FDC-42A3-9474-1A3956D46DE8}") = "Plugins", "Plugins", "{030561A8-9253-499B-8C19-2E4320FFA8F4}"
EndProject
Project("{FAE04EC0-301F-11D3-BF4B-00C04F79EFBC}") = "MeterKnife.Gateway", "MeterKnife.Gateway\MeterKnife.Gateway.csproj", "{B1053860-12D3-409F-9961-BD8719B82E56}"
EndProject
Project("{FAE04EC0-301F-11D3-BF4B-00C04F79EFBC}") = "MeterKnife.Plugins.FileMenu", "Plugins\MeterKnife.Plugins.FileMenu\MeterKnife.Plugins.FileMenu.csproj", "{F21AAD20-3F81-4FA0-B9D5-63D8DCBC6E52}"
EndProject
Project("{FAE04EC0-301F-11D3-BF4B-00C04F79EFBC}") = "MeterKnife.Plugins.ViewMenu", "Plugins\MeterKnife.Plugins.ViewMenu\MeterKnife.Plugins.ViewMenu.csproj", "{2155ED0A-4EB7-44FF-8CC3-5371639D2717}"
EndProject
Project("{FAE04EC0-301F-11D3-BF4B-00C04F79EFBC}") = "MeterKnife.Plugins.MeasureMenu", "Plugins\MeterKnife.Plugins.MeasureMenu\MeterKnife.Plugins.MeasureMenu.csproj", "{EEA8A692-5CF4-4CB1-B962-05635ABC1BF0}"
EndProject
Project("{FAE04EC0-301F-11D3-BF4B-00C04F79EFBC}") = "MeterKnife.Plugins.HelpMenu", "Plugins\MeterKnife.Plugins.HelpMenu\MeterKnife.Plugins.HelpMenu.csproj", "{656970B6-A847-4340-A706-AB2BC1D07EF0}"
EndProject
Project("{FAE04EC0-301F-11D3-BF4B-00C04F79EFBC}") = "MeterKnife.App.Tray", "MeterKnife.App.Tray\MeterKnife.App.Tray.csproj", "{A8D6B3E0-713B-4ABF-9C19-16A158C7D2D3}"
EndProject
Project("{FAE04EC0-301F-11D3-BF4B-00C04F79EFBC}") = "MeterKnife.MiscDemo", "Tests\MeterKnife.MiscDemo\MeterKnife.MiscDemo.csproj", "{40B97A38-789F-425C-A541-E655B457A154}"
EndProject
Project("{FAE04EC0-301F-11D3-BF4B-00C04F79EFBC}") = "MeterKnife.Plots", "MeterKnife.Plots\MeterKnife.Plots.csproj", "{0B2CB4C1-2373-469C-B4BB-B6D810F7A151}"
EndProject
Project("{FAE04EC0-301F-11D3-BF4B-00C04F79EFBC}") = "MeterKnife.Gateway.Cares", "Gateways\MeterKnife.Cares\MeterKnife.Gateway.Cares.csproj", "{201309E4-CD58-4197-AC3B-6367CC4E65B1}"
EndProject
Project("{2150E333-8FDC-42A3-9474-1A3956D46DE8}") = "Gateways", "Gateways", "{2CE659BE-0388-4CB0-B550-023E34C8B823}"
EndProject
Project("{FAE04EC0-301F-11D3-BF4B-00C04F79EFBC}") = "MeterKnife.Plugins.ToolsMenu", "Plugins\MeterKnife.Plugins.ToolsMenu\MeterKnife.Plugins.ToolsMenu.csproj", "{C1C2780B-4DB6-4878-910A-BB3B29C2EB53}"
EndProject
Project("{FAE04EC0-301F-11D3-BF4B-00C04F79EFBC}") = "MeterKnife.Plugins.ToolsMenu.Options", "Plugins\MeterKnife.Plugins.ToolsMenu.Options\MeterKnife.Plugins.ToolsMenu.Options.csproj", "{62169230-2DA6-418B-BD46-832D51702768}"
EndProject
Project("{FAE04EC0-301F-11D3-BF4B-00C04F79EFBC}") = "MeterKnife.Plugins.ToolsMenu.Updates", "Plugins\MeterKnife.Plugins.ToolsMenu.Updates\MeterKnife.Plugins.ToolsMenu.Updates.csproj", "{6560D6AB-FF87-4AE6-9972-08AF90D4637D}"
EndProject
Project("{FAE04EC0-301F-11D3-BF4B-00C04F79EFBC}") = "MeterKnife.ConsoleDemo", "Tests\MeterKnife.ConsoleDemo\MeterKnife.ConsoleDemo.csproj", "{F874D24B-89A1-4101-BDEA-A2E9C6C9DC6C}"
EndProject
Project("{FAE04EC0-301F-11D3-BF4B-00C04F79EFBC}") = "MeterKnife.Electronics", "MeterKnife.Electronics\MeterKnife.Electronics.csproj", "{92451625-7892-4E75-A818-0DEBB181C94E}"
EndProject
Project("{FAE04EC0-301F-11D3-BF4B-00C04F79EFBC}") = "MeterKnife.Gateway.Keysights.VISAs", "Gateways\MeterKnife.Keysights.VISAs\MeterKnife.Gateway.Keysights.VISAs.csproj", "{F983FB9D-37A3-4B2C-B4D7-6E1311DED746}"
EndProject
Project("{FAE04EC0-301F-11D3-BF4B-00C04F79EFBC}") = "MeterKnife.Gateway.Keysights", "Gateways\MeterKnife.Keysights\MeterKnife.Gateway.Keysights.csproj", "{EC118282-B4FE-4837-B292-302A7E111C21}"
EndProject
Global
	GlobalSection(SolutionConfigurationPlatforms) = preSolution
		Debug|Any CPU = Debug|Any CPU
		Debug|x64 = Debug|x64
		Debug|x86 = Debug|x86
		Release|Any CPU = Release|Any CPU
		Release|x64 = Release|x64
		Release|x86 = Release|x86
	EndGlobalSection
	GlobalSection(ProjectConfigurationPlatforms) = postSolution
		{8B62166A-BCB6-434D-91A8-62BCFC26D452}.Debug|Any CPU.ActiveCfg = Debug|Any CPU
		{8B62166A-BCB6-434D-91A8-62BCFC26D452}.Debug|Any CPU.Build.0 = Debug|Any CPU
		{8B62166A-BCB6-434D-91A8-62BCFC26D452}.Debug|x64.ActiveCfg = Debug|Any CPU
		{8B62166A-BCB6-434D-91A8-62BCFC26D452}.Debug|x64.Build.0 = Debug|Any CPU
		{8B62166A-BCB6-434D-91A8-62BCFC26D452}.Debug|x86.ActiveCfg = Debug|Any CPU
		{8B62166A-BCB6-434D-91A8-62BCFC26D452}.Debug|x86.Build.0 = Debug|Any CPU
		{8B62166A-BCB6-434D-91A8-62BCFC26D452}.Release|Any CPU.ActiveCfg = Release|Any CPU
		{8B62166A-BCB6-434D-91A8-62BCFC26D452}.Release|Any CPU.Build.0 = Release|Any CPU
		{8B62166A-BCB6-434D-91A8-62BCFC26D452}.Release|x64.ActiveCfg = Release|Any CPU
		{8B62166A-BCB6-434D-91A8-62BCFC26D452}.Release|x64.Build.0 = Release|Any CPU
		{8B62166A-BCB6-434D-91A8-62BCFC26D452}.Release|x86.ActiveCfg = Release|Any CPU
		{8B62166A-BCB6-434D-91A8-62BCFC26D452}.Release|x86.Build.0 = Release|Any CPU
		{1AB7A059-32CD-405F-A3B2-2D19B430BFF4}.Debug|Any CPU.ActiveCfg = Debug|Any CPU
		{1AB7A059-32CD-405F-A3B2-2D19B430BFF4}.Debug|Any CPU.Build.0 = Debug|Any CPU
		{1AB7A059-32CD-405F-A3B2-2D19B430BFF4}.Debug|x64.ActiveCfg = Debug|Any CPU
		{1AB7A059-32CD-405F-A3B2-2D19B430BFF4}.Debug|x64.Build.0 = Debug|Any CPU
		{1AB7A059-32CD-405F-A3B2-2D19B430BFF4}.Debug|x86.ActiveCfg = Debug|Any CPU
		{1AB7A059-32CD-405F-A3B2-2D19B430BFF4}.Debug|x86.Build.0 = Debug|Any CPU
		{1AB7A059-32CD-405F-A3B2-2D19B430BFF4}.Release|Any CPU.ActiveCfg = Release|Any CPU
		{1AB7A059-32CD-405F-A3B2-2D19B430BFF4}.Release|Any CPU.Build.0 = Release|Any CPU
		{1AB7A059-32CD-405F-A3B2-2D19B430BFF4}.Release|x64.ActiveCfg = Release|Any CPU
		{1AB7A059-32CD-405F-A3B2-2D19B430BFF4}.Release|x64.Build.0 = Release|Any CPU
		{1AB7A059-32CD-405F-A3B2-2D19B430BFF4}.Release|x86.ActiveCfg = Release|Any CPU
		{1AB7A059-32CD-405F-A3B2-2D19B430BFF4}.Release|x86.Build.0 = Release|Any CPU
		{C0352137-C756-41DC-80F8-4B026546AD5B}.Debug|Any CPU.ActiveCfg = Debug|Any CPU
		{C0352137-C756-41DC-80F8-4B026546AD5B}.Debug|Any CPU.Build.0 = Debug|Any CPU
		{C0352137-C756-41DC-80F8-4B026546AD5B}.Debug|x64.ActiveCfg = Debug|Any CPU
		{C0352137-C756-41DC-80F8-4B026546AD5B}.Debug|x64.Build.0 = Debug|Any CPU
		{C0352137-C756-41DC-80F8-4B026546AD5B}.Debug|x86.ActiveCfg = Debug|Any CPU
		{C0352137-C756-41DC-80F8-4B026546AD5B}.Debug|x86.Build.0 = Debug|Any CPU
		{C0352137-C756-41DC-80F8-4B026546AD5B}.Release|Any CPU.ActiveCfg = Release|Any CPU
		{C0352137-C756-41DC-80F8-4B026546AD5B}.Release|Any CPU.Build.0 = Release|Any CPU
		{C0352137-C756-41DC-80F8-4B026546AD5B}.Release|x64.ActiveCfg = Release|Any CPU
		{C0352137-C756-41DC-80F8-4B026546AD5B}.Release|x64.Build.0 = Release|Any CPU
		{C0352137-C756-41DC-80F8-4B026546AD5B}.Release|x86.ActiveCfg = Release|Any CPU
		{C0352137-C756-41DC-80F8-4B026546AD5B}.Release|x86.Build.0 = Release|Any CPU
		{FA16056B-6BF8-464E-A05D-AB2914EB1E37}.Debug|Any CPU.ActiveCfg = Debug|Any CPU
		{FA16056B-6BF8-464E-A05D-AB2914EB1E37}.Debug|Any CPU.Build.0 = Debug|Any CPU
		{FA16056B-6BF8-464E-A05D-AB2914EB1E37}.Debug|x64.ActiveCfg = Debug|Any CPU
		{FA16056B-6BF8-464E-A05D-AB2914EB1E37}.Debug|x64.Build.0 = Debug|Any CPU
		{FA16056B-6BF8-464E-A05D-AB2914EB1E37}.Debug|x86.ActiveCfg = Debug|Any CPU
		{FA16056B-6BF8-464E-A05D-AB2914EB1E37}.Debug|x86.Build.0 = Debug|Any CPU
		{FA16056B-6BF8-464E-A05D-AB2914EB1E37}.Release|Any CPU.ActiveCfg = Release|Any CPU
		{FA16056B-6BF8-464E-A05D-AB2914EB1E37}.Release|Any CPU.Build.0 = Release|Any CPU
		{FA16056B-6BF8-464E-A05D-AB2914EB1E37}.Release|x64.ActiveCfg = Release|Any CPU
		{FA16056B-6BF8-464E-A05D-AB2914EB1E37}.Release|x64.Build.0 = Release|Any CPU
		{FA16056B-6BF8-464E-A05D-AB2914EB1E37}.Release|x86.ActiveCfg = Release|Any CPU
		{FA16056B-6BF8-464E-A05D-AB2914EB1E37}.Release|x86.Build.0 = Release|Any CPU
		{068A0168-D030-4757-8E19-FF0460D30ACD}.Debug|Any CPU.ActiveCfg = Debug|Any CPU
		{068A0168-D030-4757-8E19-FF0460D30ACD}.Debug|Any CPU.Build.0 = Debug|Any CPU
		{068A0168-D030-4757-8E19-FF0460D30ACD}.Debug|x64.ActiveCfg = Debug|Any CPU
		{068A0168-D030-4757-8E19-FF0460D30ACD}.Debug|x64.Build.0 = Debug|Any CPU
		{068A0168-D030-4757-8E19-FF0460D30ACD}.Debug|x86.ActiveCfg = Debug|Any CPU
		{068A0168-D030-4757-8E19-FF0460D30ACD}.Debug|x86.Build.0 = Debug|Any CPU
		{068A0168-D030-4757-8E19-FF0460D30ACD}.Release|Any CPU.ActiveCfg = Release|Any CPU
		{068A0168-D030-4757-8E19-FF0460D30ACD}.Release|Any CPU.Build.0 = Release|Any CPU
		{068A0168-D030-4757-8E19-FF0460D30ACD}.Release|x64.ActiveCfg = Release|Any CPU
		{068A0168-D030-4757-8E19-FF0460D30ACD}.Release|x64.Build.0 = Release|Any CPU
		{068A0168-D030-4757-8E19-FF0460D30ACD}.Release|x86.ActiveCfg = Release|Any CPU
		{068A0168-D030-4757-8E19-FF0460D30ACD}.Release|x86.Build.0 = Release|Any CPU
		{42726C7B-5146-40F4-8876-2C4125C5173C}.Debug|Any CPU.ActiveCfg = Debug|Any CPU
		{42726C7B-5146-40F4-8876-2C4125C5173C}.Debug|Any CPU.Build.0 = Debug|Any CPU
		{42726C7B-5146-40F4-8876-2C4125C5173C}.Debug|x64.ActiveCfg = Debug|Any CPU
		{42726C7B-5146-40F4-8876-2C4125C5173C}.Debug|x64.Build.0 = Debug|Any CPU
		{42726C7B-5146-40F4-8876-2C4125C5173C}.Debug|x86.ActiveCfg = Debug|Any CPU
		{42726C7B-5146-40F4-8876-2C4125C5173C}.Debug|x86.Build.0 = Debug|Any CPU
		{42726C7B-5146-40F4-8876-2C4125C5173C}.Release|Any CPU.ActiveCfg = Release|Any CPU
		{42726C7B-5146-40F4-8876-2C4125C5173C}.Release|Any CPU.Build.0 = Release|Any CPU
		{42726C7B-5146-40F4-8876-2C4125C5173C}.Release|x64.ActiveCfg = Release|Any CPU
		{42726C7B-5146-40F4-8876-2C4125C5173C}.Release|x64.Build.0 = Release|Any CPU
		{42726C7B-5146-40F4-8876-2C4125C5173C}.Release|x86.ActiveCfg = Release|Any CPU
		{42726C7B-5146-40F4-8876-2C4125C5173C}.Release|x86.Build.0 = Release|Any CPU
		{58446AA7-0041-46D1-A654-61660B9A00D5}.Debug|Any CPU.ActiveCfg = Debug|Any CPU
		{58446AA7-0041-46D1-A654-61660B9A00D5}.Debug|Any CPU.Build.0 = Debug|Any CPU
		{58446AA7-0041-46D1-A654-61660B9A00D5}.Debug|x64.ActiveCfg = Debug|Any CPU
		{58446AA7-0041-46D1-A654-61660B9A00D5}.Debug|x64.Build.0 = Debug|Any CPU
		{58446AA7-0041-46D1-A654-61660B9A00D5}.Debug|x86.ActiveCfg = Debug|Any CPU
		{58446AA7-0041-46D1-A654-61660B9A00D5}.Debug|x86.Build.0 = Debug|Any CPU
		{58446AA7-0041-46D1-A654-61660B9A00D5}.Release|Any CPU.ActiveCfg = Release|Any CPU
		{58446AA7-0041-46D1-A654-61660B9A00D5}.Release|Any CPU.Build.0 = Release|Any CPU
		{58446AA7-0041-46D1-A654-61660B9A00D5}.Release|x64.ActiveCfg = Release|Any CPU
		{58446AA7-0041-46D1-A654-61660B9A00D5}.Release|x64.Build.0 = Release|Any CPU
		{58446AA7-0041-46D1-A654-61660B9A00D5}.Release|x86.ActiveCfg = Release|Any CPU
		{58446AA7-0041-46D1-A654-61660B9A00D5}.Release|x86.Build.0 = Release|Any CPU
		{A67F283F-DDBB-466D-9960-ED88EF553894}.Debug|Any CPU.ActiveCfg = Debug|Any CPU
		{A67F283F-DDBB-466D-9960-ED88EF553894}.Debug|Any CPU.Build.0 = Debug|Any CPU
		{A67F283F-DDBB-466D-9960-ED88EF553894}.Debug|x64.ActiveCfg = Debug|Any CPU
		{A67F283F-DDBB-466D-9960-ED88EF553894}.Debug|x64.Build.0 = Debug|Any CPU
		{A67F283F-DDBB-466D-9960-ED88EF553894}.Debug|x86.ActiveCfg = Debug|Any CPU
		{A67F283F-DDBB-466D-9960-ED88EF553894}.Debug|x86.Build.0 = Debug|Any CPU
		{A67F283F-DDBB-466D-9960-ED88EF553894}.Release|Any CPU.ActiveCfg = Release|Any CPU
		{A67F283F-DDBB-466D-9960-ED88EF553894}.Release|Any CPU.Build.0 = Release|Any CPU
		{A67F283F-DDBB-466D-9960-ED88EF553894}.Release|x64.ActiveCfg = Release|Any CPU
		{A67F283F-DDBB-466D-9960-ED88EF553894}.Release|x64.Build.0 = Release|Any CPU
		{A67F283F-DDBB-466D-9960-ED88EF553894}.Release|x86.ActiveCfg = Release|Any CPU
		{A67F283F-DDBB-466D-9960-ED88EF553894}.Release|x86.Build.0 = Release|Any CPU
		{974F3368-91FD-405B-88DE-3CDD84DC23C5}.Debug|Any CPU.ActiveCfg = Debug|Any CPU
		{974F3368-91FD-405B-88DE-3CDD84DC23C5}.Debug|Any CPU.Build.0 = Debug|Any CPU
		{974F3368-91FD-405B-88DE-3CDD84DC23C5}.Debug|x64.ActiveCfg = Debug|Any CPU
		{974F3368-91FD-405B-88DE-3CDD84DC23C5}.Debug|x64.Build.0 = Debug|Any CPU
		{974F3368-91FD-405B-88DE-3CDD84DC23C5}.Debug|x86.ActiveCfg = Debug|Any CPU
		{974F3368-91FD-405B-88DE-3CDD84DC23C5}.Debug|x86.Build.0 = Debug|Any CPU
		{974F3368-91FD-405B-88DE-3CDD84DC23C5}.Release|Any CPU.ActiveCfg = Release|Any CPU
		{974F3368-91FD-405B-88DE-3CDD84DC23C5}.Release|Any CPU.Build.0 = Release|Any CPU
		{974F3368-91FD-405B-88DE-3CDD84DC23C5}.Release|x64.ActiveCfg = Release|Any CPU
		{974F3368-91FD-405B-88DE-3CDD84DC23C5}.Release|x64.Build.0 = Release|Any CPU
		{974F3368-91FD-405B-88DE-3CDD84DC23C5}.Release|x86.ActiveCfg = Release|Any CPU
		{974F3368-91FD-405B-88DE-3CDD84DC23C5}.Release|x86.Build.0 = Release|Any CPU
		{B1053860-12D3-409F-9961-BD8719B82E56}.Debug|Any CPU.ActiveCfg = Debug|Any CPU
		{B1053860-12D3-409F-9961-BD8719B82E56}.Debug|Any CPU.Build.0 = Debug|Any CPU
		{B1053860-12D3-409F-9961-BD8719B82E56}.Debug|x64.ActiveCfg = Debug|Any CPU
		{B1053860-12D3-409F-9961-BD8719B82E56}.Debug|x64.Build.0 = Debug|Any CPU
		{B1053860-12D3-409F-9961-BD8719B82E56}.Debug|x86.ActiveCfg = Debug|Any CPU
		{B1053860-12D3-409F-9961-BD8719B82E56}.Debug|x86.Build.0 = Debug|Any CPU
		{B1053860-12D3-409F-9961-BD8719B82E56}.Release|Any CPU.ActiveCfg = Release|Any CPU
		{B1053860-12D3-409F-9961-BD8719B82E56}.Release|Any CPU.Build.0 = Release|Any CPU
		{B1053860-12D3-409F-9961-BD8719B82E56}.Release|x64.ActiveCfg = Release|Any CPU
		{B1053860-12D3-409F-9961-BD8719B82E56}.Release|x64.Build.0 = Release|Any CPU
		{B1053860-12D3-409F-9961-BD8719B82E56}.Release|x86.ActiveCfg = Release|Any CPU
		{B1053860-12D3-409F-9961-BD8719B82E56}.Release|x86.Build.0 = Release|Any CPU
		{F21AAD20-3F81-4FA0-B9D5-63D8DCBC6E52}.Debug|Any CPU.ActiveCfg = Debug|Any CPU
		{F21AAD20-3F81-4FA0-B9D5-63D8DCBC6E52}.Debug|Any CPU.Build.0 = Debug|Any CPU
		{F21AAD20-3F81-4FA0-B9D5-63D8DCBC6E52}.Debug|x64.ActiveCfg = Debug|Any CPU
		{F21AAD20-3F81-4FA0-B9D5-63D8DCBC6E52}.Debug|x64.Build.0 = Debug|Any CPU
		{F21AAD20-3F81-4FA0-B9D5-63D8DCBC6E52}.Debug|x86.ActiveCfg = Debug|Any CPU
		{F21AAD20-3F81-4FA0-B9D5-63D8DCBC6E52}.Debug|x86.Build.0 = Debug|Any CPU
		{F21AAD20-3F81-4FA0-B9D5-63D8DCBC6E52}.Release|Any CPU.ActiveCfg = Release|Any CPU
		{F21AAD20-3F81-4FA0-B9D5-63D8DCBC6E52}.Release|Any CPU.Build.0 = Release|Any CPU
		{F21AAD20-3F81-4FA0-B9D5-63D8DCBC6E52}.Release|x64.ActiveCfg = Release|Any CPU
		{F21AAD20-3F81-4FA0-B9D5-63D8DCBC6E52}.Release|x64.Build.0 = Release|Any CPU
		{F21AAD20-3F81-4FA0-B9D5-63D8DCBC6E52}.Release|x86.ActiveCfg = Release|Any CPU
		{F21AAD20-3F81-4FA0-B9D5-63D8DCBC6E52}.Release|x86.Build.0 = Release|Any CPU
		{2155ED0A-4EB7-44FF-8CC3-5371639D2717}.Debug|Any CPU.ActiveCfg = Debug|Any CPU
		{2155ED0A-4EB7-44FF-8CC3-5371639D2717}.Debug|Any CPU.Build.0 = Debug|Any CPU
		{2155ED0A-4EB7-44FF-8CC3-5371639D2717}.Debug|x64.ActiveCfg = Debug|Any CPU
		{2155ED0A-4EB7-44FF-8CC3-5371639D2717}.Debug|x64.Build.0 = Debug|Any CPU
		{2155ED0A-4EB7-44FF-8CC3-5371639D2717}.Debug|x86.ActiveCfg = Debug|Any CPU
		{2155ED0A-4EB7-44FF-8CC3-5371639D2717}.Debug|x86.Build.0 = Debug|Any CPU
		{2155ED0A-4EB7-44FF-8CC3-5371639D2717}.Release|Any CPU.ActiveCfg = Release|Any CPU
		{2155ED0A-4EB7-44FF-8CC3-5371639D2717}.Release|Any CPU.Build.0 = Release|Any CPU
		{2155ED0A-4EB7-44FF-8CC3-5371639D2717}.Release|x64.ActiveCfg = Release|Any CPU
		{2155ED0A-4EB7-44FF-8CC3-5371639D2717}.Release|x64.Build.0 = Release|Any CPU
		{2155ED0A-4EB7-44FF-8CC3-5371639D2717}.Release|x86.ActiveCfg = Release|Any CPU
		{2155ED0A-4EB7-44FF-8CC3-5371639D2717}.Release|x86.Build.0 = Release|Any CPU
		{EEA8A692-5CF4-4CB1-B962-05635ABC1BF0}.Debug|Any CPU.ActiveCfg = Debug|Any CPU
		{EEA8A692-5CF4-4CB1-B962-05635ABC1BF0}.Debug|Any CPU.Build.0 = Debug|Any CPU
		{EEA8A692-5CF4-4CB1-B962-05635ABC1BF0}.Debug|x64.ActiveCfg = Debug|Any CPU
		{EEA8A692-5CF4-4CB1-B962-05635ABC1BF0}.Debug|x64.Build.0 = Debug|Any CPU
		{EEA8A692-5CF4-4CB1-B962-05635ABC1BF0}.Debug|x86.ActiveCfg = Debug|Any CPU
		{EEA8A692-5CF4-4CB1-B962-05635ABC1BF0}.Debug|x86.Build.0 = Debug|Any CPU
		{EEA8A692-5CF4-4CB1-B962-05635ABC1BF0}.Release|Any CPU.ActiveCfg = Release|Any CPU
		{EEA8A692-5CF4-4CB1-B962-05635ABC1BF0}.Release|Any CPU.Build.0 = Release|Any CPU
		{EEA8A692-5CF4-4CB1-B962-05635ABC1BF0}.Release|x64.ActiveCfg = Release|Any CPU
		{EEA8A692-5CF4-4CB1-B962-05635ABC1BF0}.Release|x64.Build.0 = Release|Any CPU
		{EEA8A692-5CF4-4CB1-B962-05635ABC1BF0}.Release|x86.ActiveCfg = Release|Any CPU
		{EEA8A692-5CF4-4CB1-B962-05635ABC1BF0}.Release|x86.Build.0 = Release|Any CPU
		{656970B6-A847-4340-A706-AB2BC1D07EF0}.Debug|Any CPU.ActiveCfg = Debug|Any CPU
		{656970B6-A847-4340-A706-AB2BC1D07EF0}.Debug|Any CPU.Build.0 = Debug|Any CPU
		{656970B6-A847-4340-A706-AB2BC1D07EF0}.Debug|x64.ActiveCfg = Debug|Any CPU
		{656970B6-A847-4340-A706-AB2BC1D07EF0}.Debug|x64.Build.0 = Debug|Any CPU
		{656970B6-A847-4340-A706-AB2BC1D07EF0}.Debug|x86.ActiveCfg = Debug|Any CPU
		{656970B6-A847-4340-A706-AB2BC1D07EF0}.Debug|x86.Build.0 = Debug|Any CPU
		{656970B6-A847-4340-A706-AB2BC1D07EF0}.Release|Any CPU.ActiveCfg = Release|Any CPU
		{656970B6-A847-4340-A706-AB2BC1D07EF0}.Release|Any CPU.Build.0 = Release|Any CPU
		{656970B6-A847-4340-A706-AB2BC1D07EF0}.Release|x64.ActiveCfg = Release|Any CPU
		{656970B6-A847-4340-A706-AB2BC1D07EF0}.Release|x64.Build.0 = Release|Any CPU
		{656970B6-A847-4340-A706-AB2BC1D07EF0}.Release|x86.ActiveCfg = Release|Any CPU
		{656970B6-A847-4340-A706-AB2BC1D07EF0}.Release|x86.Build.0 = Release|Any CPU
		{A8D6B3E0-713B-4ABF-9C19-16A158C7D2D3}.Debug|Any CPU.ActiveCfg = Debug|Any CPU
		{A8D6B3E0-713B-4ABF-9C19-16A158C7D2D3}.Debug|Any CPU.Build.0 = Debug|Any CPU
		{A8D6B3E0-713B-4ABF-9C19-16A158C7D2D3}.Debug|x64.ActiveCfg = Debug|Any CPU
		{A8D6B3E0-713B-4ABF-9C19-16A158C7D2D3}.Debug|x64.Build.0 = Debug|Any CPU
		{A8D6B3E0-713B-4ABF-9C19-16A158C7D2D3}.Debug|x86.ActiveCfg = Debug|Any CPU
		{A8D6B3E0-713B-4ABF-9C19-16A158C7D2D3}.Debug|x86.Build.0 = Debug|Any CPU
		{A8D6B3E0-713B-4ABF-9C19-16A158C7D2D3}.Release|Any CPU.ActiveCfg = Release|Any CPU
		{A8D6B3E0-713B-4ABF-9C19-16A158C7D2D3}.Release|Any CPU.Build.0 = Release|Any CPU
		{A8D6B3E0-713B-4ABF-9C19-16A158C7D2D3}.Release|x64.ActiveCfg = Release|Any CPU
		{A8D6B3E0-713B-4ABF-9C19-16A158C7D2D3}.Release|x64.Build.0 = Release|Any CPU
		{A8D6B3E0-713B-4ABF-9C19-16A158C7D2D3}.Release|x86.ActiveCfg = Release|Any CPU
		{A8D6B3E0-713B-4ABF-9C19-16A158C7D2D3}.Release|x86.Build.0 = Release|Any CPU
		{40B97A38-789F-425C-A541-E655B457A154}.Debug|Any CPU.ActiveCfg = Debug|Any CPU
		{40B97A38-789F-425C-A541-E655B457A154}.Debug|Any CPU.Build.0 = Debug|Any CPU
		{40B97A38-789F-425C-A541-E655B457A154}.Debug|x64.ActiveCfg = Debug|Any CPU
		{40B97A38-789F-425C-A541-E655B457A154}.Debug|x64.Build.0 = Debug|Any CPU
		{40B97A38-789F-425C-A541-E655B457A154}.Debug|x86.ActiveCfg = Debug|Any CPU
		{40B97A38-789F-425C-A541-E655B457A154}.Debug|x86.Build.0 = Debug|Any CPU
		{40B97A38-789F-425C-A541-E655B457A154}.Release|Any CPU.ActiveCfg = Release|Any CPU
		{40B97A38-789F-425C-A541-E655B457A154}.Release|Any CPU.Build.0 = Release|Any CPU
		{40B97A38-789F-425C-A541-E655B457A154}.Release|x64.ActiveCfg = Release|Any CPU
		{40B97A38-789F-425C-A541-E655B457A154}.Release|x64.Build.0 = Release|Any CPU
		{40B97A38-789F-425C-A541-E655B457A154}.Release|x86.ActiveCfg = Release|Any CPU
		{40B97A38-789F-425C-A541-E655B457A154}.Release|x86.Build.0 = Release|Any CPU
		{0B2CB4C1-2373-469C-B4BB-B6D810F7A151}.Debug|Any CPU.ActiveCfg = Debug|Any CPU
		{0B2CB4C1-2373-469C-B4BB-B6D810F7A151}.Debug|Any CPU.Build.0 = Debug|Any CPU
		{0B2CB4C1-2373-469C-B4BB-B6D810F7A151}.Debug|x64.ActiveCfg = Debug|Any CPU
		{0B2CB4C1-2373-469C-B4BB-B6D810F7A151}.Debug|x64.Build.0 = Debug|Any CPU
		{0B2CB4C1-2373-469C-B4BB-B6D810F7A151}.Debug|x86.ActiveCfg = Debug|Any CPU
		{0B2CB4C1-2373-469C-B4BB-B6D810F7A151}.Debug|x86.Build.0 = Debug|Any CPU
		{0B2CB4C1-2373-469C-B4BB-B6D810F7A151}.Release|Any CPU.ActiveCfg = Release|Any CPU
		{0B2CB4C1-2373-469C-B4BB-B6D810F7A151}.Release|Any CPU.Build.0 = Release|Any CPU
		{0B2CB4C1-2373-469C-B4BB-B6D810F7A151}.Release|x64.ActiveCfg = Release|Any CPU
		{0B2CB4C1-2373-469C-B4BB-B6D810F7A151}.Release|x64.Build.0 = Release|Any CPU
		{0B2CB4C1-2373-469C-B4BB-B6D810F7A151}.Release|x86.ActiveCfg = Release|Any CPU
		{0B2CB4C1-2373-469C-B4BB-B6D810F7A151}.Release|x86.Build.0 = Release|Any CPU
		{201309E4-CD58-4197-AC3B-6367CC4E65B1}.Debug|Any CPU.ActiveCfg = Debug|Any CPU
		{201309E4-CD58-4197-AC3B-6367CC4E65B1}.Debug|Any CPU.Build.0 = Debug|Any CPU
		{201309E4-CD58-4197-AC3B-6367CC4E65B1}.Debug|x64.ActiveCfg = Debug|Any CPU
		{201309E4-CD58-4197-AC3B-6367CC4E65B1}.Debug|x64.Build.0 = Debug|Any CPU
		{201309E4-CD58-4197-AC3B-6367CC4E65B1}.Debug|x86.ActiveCfg = Debug|Any CPU
		{201309E4-CD58-4197-AC3B-6367CC4E65B1}.Debug|x86.Build.0 = Debug|Any CPU
		{201309E4-CD58-4197-AC3B-6367CC4E65B1}.Release|Any CPU.ActiveCfg = Release|Any CPU
		{201309E4-CD58-4197-AC3B-6367CC4E65B1}.Release|Any CPU.Build.0 = Release|Any CPU
		{201309E4-CD58-4197-AC3B-6367CC4E65B1}.Release|x64.ActiveCfg = Release|Any CPU
		{201309E4-CD58-4197-AC3B-6367CC4E65B1}.Release|x64.Build.0 = Release|Any CPU
		{201309E4-CD58-4197-AC3B-6367CC4E65B1}.Release|x86.ActiveCfg = Release|Any CPU
		{201309E4-CD58-4197-AC3B-6367CC4E65B1}.Release|x86.Build.0 = Release|Any CPU
		{C1C2780B-4DB6-4878-910A-BB3B29C2EB53}.Debug|Any CPU.ActiveCfg = Debug|Any CPU
		{C1C2780B-4DB6-4878-910A-BB3B29C2EB53}.Debug|Any CPU.Build.0 = Debug|Any CPU
		{C1C2780B-4DB6-4878-910A-BB3B29C2EB53}.Debug|x64.ActiveCfg = Debug|Any CPU
		{C1C2780B-4DB6-4878-910A-BB3B29C2EB53}.Debug|x64.Build.0 = Debug|Any CPU
		{C1C2780B-4DB6-4878-910A-BB3B29C2EB53}.Debug|x86.ActiveCfg = Debug|Any CPU
		{C1C2780B-4DB6-4878-910A-BB3B29C2EB53}.Debug|x86.Build.0 = Debug|Any CPU
		{C1C2780B-4DB6-4878-910A-BB3B29C2EB53}.Release|Any CPU.ActiveCfg = Release|Any CPU
		{C1C2780B-4DB6-4878-910A-BB3B29C2EB53}.Release|Any CPU.Build.0 = Release|Any CPU
		{C1C2780B-4DB6-4878-910A-BB3B29C2EB53}.Release|x64.ActiveCfg = Release|Any CPU
		{C1C2780B-4DB6-4878-910A-BB3B29C2EB53}.Release|x64.Build.0 = Release|Any CPU
		{C1C2780B-4DB6-4878-910A-BB3B29C2EB53}.Release|x86.ActiveCfg = Release|Any CPU
		{C1C2780B-4DB6-4878-910A-BB3B29C2EB53}.Release|x86.Build.0 = Release|Any CPU
		{62169230-2DA6-418B-BD46-832D51702768}.Debug|Any CPU.ActiveCfg = Debug|Any CPU
		{62169230-2DA6-418B-BD46-832D51702768}.Debug|Any CPU.Build.0 = Debug|Any CPU
		{62169230-2DA6-418B-BD46-832D51702768}.Debug|x64.ActiveCfg = Debug|Any CPU
		{62169230-2DA6-418B-BD46-832D51702768}.Debug|x64.Build.0 = Debug|Any CPU
		{62169230-2DA6-418B-BD46-832D51702768}.Debug|x86.ActiveCfg = Debug|Any CPU
		{62169230-2DA6-418B-BD46-832D51702768}.Debug|x86.Build.0 = Debug|Any CPU
		{62169230-2DA6-418B-BD46-832D51702768}.Release|Any CPU.ActiveCfg = Release|Any CPU
		{62169230-2DA6-418B-BD46-832D51702768}.Release|Any CPU.Build.0 = Release|Any CPU
		{62169230-2DA6-418B-BD46-832D51702768}.Release|x64.ActiveCfg = Release|Any CPU
		{62169230-2DA6-418B-BD46-832D51702768}.Release|x64.Build.0 = Release|Any CPU
		{62169230-2DA6-418B-BD46-832D51702768}.Release|x86.ActiveCfg = Release|Any CPU
		{62169230-2DA6-418B-BD46-832D51702768}.Release|x86.Build.0 = Release|Any CPU
		{6560D6AB-FF87-4AE6-9972-08AF90D4637D}.Debug|Any CPU.ActiveCfg = Debug|Any CPU
		{6560D6AB-FF87-4AE6-9972-08AF90D4637D}.Debug|Any CPU.Build.0 = Debug|Any CPU
		{6560D6AB-FF87-4AE6-9972-08AF90D4637D}.Debug|x64.ActiveCfg = Debug|Any CPU
		{6560D6AB-FF87-4AE6-9972-08AF90D4637D}.Debug|x64.Build.0 = Debug|Any CPU
		{6560D6AB-FF87-4AE6-9972-08AF90D4637D}.Debug|x86.ActiveCfg = Debug|Any CPU
		{6560D6AB-FF87-4AE6-9972-08AF90D4637D}.Debug|x86.Build.0 = Debug|Any CPU
		{6560D6AB-FF87-4AE6-9972-08AF90D4637D}.Release|Any CPU.ActiveCfg = Release|Any CPU
		{6560D6AB-FF87-4AE6-9972-08AF90D4637D}.Release|Any CPU.Build.0 = Release|Any CPU
		{6560D6AB-FF87-4AE6-9972-08AF90D4637D}.Release|x64.ActiveCfg = Release|Any CPU
		{6560D6AB-FF87-4AE6-9972-08AF90D4637D}.Release|x64.Build.0 = Release|Any CPU
		{6560D6AB-FF87-4AE6-9972-08AF90D4637D}.Release|x86.ActiveCfg = Release|Any CPU
		{6560D6AB-FF87-4AE6-9972-08AF90D4637D}.Release|x86.Build.0 = Release|Any CPU
		{F874D24B-89A1-4101-BDEA-A2E9C6C9DC6C}.Debug|Any CPU.ActiveCfg = Debug|Any CPU
		{F874D24B-89A1-4101-BDEA-A2E9C6C9DC6C}.Debug|Any CPU.Build.0 = Debug|Any CPU
		{F874D24B-89A1-4101-BDEA-A2E9C6C9DC6C}.Debug|x64.ActiveCfg = Debug|Any CPU
		{F874D24B-89A1-4101-BDEA-A2E9C6C9DC6C}.Debug|x64.Build.0 = Debug|Any CPU
		{F874D24B-89A1-4101-BDEA-A2E9C6C9DC6C}.Debug|x86.ActiveCfg = Debug|Any CPU
		{F874D24B-89A1-4101-BDEA-A2E9C6C9DC6C}.Debug|x86.Build.0 = Debug|Any CPU
		{F874D24B-89A1-4101-BDEA-A2E9C6C9DC6C}.Release|Any CPU.ActiveCfg = Release|Any CPU
		{F874D24B-89A1-4101-BDEA-A2E9C6C9DC6C}.Release|Any CPU.Build.0 = Release|Any CPU
		{F874D24B-89A1-4101-BDEA-A2E9C6C9DC6C}.Release|x64.ActiveCfg = Release|Any CPU
		{F874D24B-89A1-4101-BDEA-A2E9C6C9DC6C}.Release|x64.Build.0 = Release|Any CPU
		{F874D24B-89A1-4101-BDEA-A2E9C6C9DC6C}.Release|x86.ActiveCfg = Release|Any CPU
		{F874D24B-89A1-4101-BDEA-A2E9C6C9DC6C}.Release|x86.Build.0 = Release|Any CPU
		{92451625-7892-4E75-A818-0DEBB181C94E}.Debug|Any CPU.ActiveCfg = Debug|Any CPU
		{92451625-7892-4E75-A818-0DEBB181C94E}.Debug|Any CPU.Build.0 = Debug|Any CPU
		{92451625-7892-4E75-A818-0DEBB181C94E}.Debug|x64.ActiveCfg = Debug|Any CPU
		{92451625-7892-4E75-A818-0DEBB181C94E}.Debug|x64.Build.0 = Debug|Any CPU
		{92451625-7892-4E75-A818-0DEBB181C94E}.Debug|x86.ActiveCfg = Debug|Any CPU
		{92451625-7892-4E75-A818-0DEBB181C94E}.Debug|x86.Build.0 = Debug|Any CPU
		{92451625-7892-4E75-A818-0DEBB181C94E}.Release|Any CPU.ActiveCfg = Release|Any CPU
		{92451625-7892-4E75-A818-0DEBB181C94E}.Release|Any CPU.Build.0 = Release|Any CPU
		{92451625-7892-4E75-A818-0DEBB181C94E}.Release|x64.ActiveCfg = Release|Any CPU
		{92451625-7892-4E75-A818-0DEBB181C94E}.Release|x64.Build.0 = Release|Any CPU
		{92451625-7892-4E75-A818-0DEBB181C94E}.Release|x86.ActiveCfg = Release|Any CPU
		{92451625-7892-4E75-A818-0DEBB181C94E}.Release|x86.Build.0 = Release|Any CPU
		{F983FB9D-37A3-4B2C-B4D7-6E1311DED746}.Debug|Any CPU.ActiveCfg = Debug|Any CPU
		{F983FB9D-37A3-4B2C-B4D7-6E1311DED746}.Debug|Any CPU.Build.0 = Debug|Any CPU
		{F983FB9D-37A3-4B2C-B4D7-6E1311DED746}.Debug|x64.ActiveCfg = Debug|Any CPU
		{F983FB9D-37A3-4B2C-B4D7-6E1311DED746}.Debug|x64.Build.0 = Debug|Any CPU
		{F983FB9D-37A3-4B2C-B4D7-6E1311DED746}.Debug|x86.ActiveCfg = Debug|Any CPU
		{F983FB9D-37A3-4B2C-B4D7-6E1311DED746}.Debug|x86.Build.0 = Debug|Any CPU
		{F983FB9D-37A3-4B2C-B4D7-6E1311DED746}.Release|Any CPU.ActiveCfg = Release|Any CPU
		{F983FB9D-37A3-4B2C-B4D7-6E1311DED746}.Release|Any CPU.Build.0 = Release|Any CPU
		{F983FB9D-37A3-4B2C-B4D7-6E1311DED746}.Release|x64.ActiveCfg = Release|Any CPU
		{F983FB9D-37A3-4B2C-B4D7-6E1311DED746}.Release|x64.Build.0 = Release|Any CPU
		{F983FB9D-37A3-4B2C-B4D7-6E1311DED746}.Release|x86.ActiveCfg = Release|Any CPU
		{F983FB9D-37A3-4B2C-B4D7-6E1311DED746}.Release|x86.Build.0 = Release|Any CPU
		{EC118282-B4FE-4837-B292-302A7E111C21}.Debug|Any CPU.ActiveCfg = Debug|Any CPU
		{EC118282-B4FE-4837-B292-302A7E111C21}.Debug|Any CPU.Build.0 = Debug|Any CPU
		{EC118282-B4FE-4837-B292-302A7E111C21}.Debug|x64.ActiveCfg = Debug|Any CPU
		{EC118282-B4FE-4837-B292-302A7E111C21}.Debug|x64.Build.0 = Debug|Any CPU
		{EC118282-B4FE-4837-B292-302A7E111C21}.Debug|x86.ActiveCfg = Debug|Any CPU
		{EC118282-B4FE-4837-B292-302A7E111C21}.Debug|x86.Build.0 = Debug|Any CPU
		{EC118282-B4FE-4837-B292-302A7E111C21}.Release|Any CPU.ActiveCfg = Release|Any CPU
		{EC118282-B4FE-4837-B292-302A7E111C21}.Release|Any CPU.Build.0 = Release|Any CPU
		{EC118282-B4FE-4837-B292-302A7E111C21}.Release|x64.ActiveCfg = Release|Any CPU
		{EC118282-B4FE-4837-B292-302A7E111C21}.Release|x64.Build.0 = Release|Any CPU
		{EC118282-B4FE-4837-B292-302A7E111C21}.Release|x86.ActiveCfg = Release|Any CPU
		{EC118282-B4FE-4837-B292-302A7E111C21}.Release|x86.Build.0 = Release|Any CPU
	EndGlobalSection
	GlobalSection(SolutionProperties) = preSolution
		HideSolutionNode = FALSE
	EndGlobalSection
	GlobalSection(NestedProjects) = preSolution
		{42726C7B-5146-40F4-8876-2C4125C5173C} = {E3B3712D-75B6-4C9D-B82E-4613B3EB73A0}
		{B1053860-12D3-409F-9961-BD8719B82E56} = {2CE659BE-0388-4CB0-B550-023E34C8B823}
		{F21AAD20-3F81-4FA0-B9D5-63D8DCBC6E52} = {030561A8-9253-499B-8C19-2E4320FFA8F4}
		{2155ED0A-4EB7-44FF-8CC3-5371639D2717} = {030561A8-9253-499B-8C19-2E4320FFA8F4}
		{EEA8A692-5CF4-4CB1-B962-05635ABC1BF0} = {030561A8-9253-499B-8C19-2E4320FFA8F4}
		{656970B6-A847-4340-A706-AB2BC1D07EF0} = {030561A8-9253-499B-8C19-2E4320FFA8F4}
		{40B97A38-789F-425C-A541-E655B457A154} = {E3B3712D-75B6-4C9D-B82E-4613B3EB73A0}
		{201309E4-CD58-4197-AC3B-6367CC4E65B1} = {2CE659BE-0388-4CB0-B550-023E34C8B823}
		{C1C2780B-4DB6-4878-910A-BB3B29C2EB53} = {030561A8-9253-499B-8C19-2E4320FFA8F4}
		{62169230-2DA6-418B-BD46-832D51702768} = {030561A8-9253-499B-8C19-2E4320FFA8F4}
		{6560D6AB-FF87-4AE6-9972-08AF90D4637D} = {030561A8-9253-499B-8C19-2E4320FFA8F4}
		{F874D24B-89A1-4101-BDEA-A2E9C6C9DC6C} = {E3B3712D-75B6-4C9D-B82E-4613B3EB73A0}
		{F983FB9D-37A3-4B2C-B4D7-6E1311DED746} = {2CE659BE-0388-4CB0-B550-023E34C8B823}
		{EC118282-B4FE-4837-B292-302A7E111C21} = {2CE659BE-0388-4CB0-B550-023E34C8B823}
	EndGlobalSection
	GlobalSection(ExtensibilityGlobals) = postSolution
		SolutionGuid = {C4176C5D-95A6-49FE-A75F-79038FF98F14}
	EndGlobalSection
EndGlobal
